// !$*UTF8*$!
{
	archiveVersion = 1;
	classes = {
	};
	objectVersion = 50;
	objects = {

/* Begin PBXBuildFile section */
		383EE954516B89DD3C4AF969 /* libPods-SpotifyTests.a in Frameworks */ = {isa = PBXBuildFile; fileRef = 74ABCA085FF95A03352A51CA /* libPods-SpotifyTests.a */; };
		5B0C8FEEDD58D2ABC327CBE1 /* Pods_SpotifyUI.framework in Frameworks */ = {isa = PBXBuildFile; fileRef = 1B5BB1D3C43CF052F3DE99B7 /* Pods_SpotifyUI.framework */; };
		693D1F88C3A0437DA0AA1271 /* Pods_Spotify.framework in Frameworks */ = {isa = PBXBuildFile; fileRef = B271DF5825F4AA585F33249C /* Pods_Spotify.framework */; };
		7AA7CBDC21FA0F5D002DEE1B /* AppDelegate.swift in Sources */ = {isa = PBXBuildFile; fileRef = 7AA7CBDB21FA0F5D002DEE1B /* AppDelegate.swift */; };
		7AA7CBE321FA0F5E002DEE1B /* Assets.xcassets in Resources */ = {isa = PBXBuildFile; fileRef = 7AA7CBE221FA0F5E002DEE1B /* Assets.xcassets */; };
		7AA7CBF121FA0F5E002DEE1B /* SpotifyTests.swift in Sources */ = {isa = PBXBuildFile; fileRef = 7AA7CBF021FA0F5E002DEE1B /* SpotifyTests.swift */; };
		7AA7CBFC21FA0F5E002DEE1B /* SpotifyUITests.swift in Sources */ = {isa = PBXBuildFile; fileRef = 7AA7CBFB21FA0F5E002DEE1B /* SpotifyUITests.swift */; };
		7AA7CC1D21FA115F002DEE1B /* SpotifyCore.framework in Frameworks */ = {isa = PBXBuildFile; fileRef = 7AA7CC1421FA115F002DEE1B /* SpotifyCore.framework */; };
		7AA7CC2421FA115F002DEE1B /* SpotifyCoreTests.swift in Sources */ = {isa = PBXBuildFile; fileRef = 7AA7CC2321FA115F002DEE1B /* SpotifyCoreTests.swift */; };
		7AA7CC2621FA115F002DEE1B /* SpotifyCore.h in Headers */ = {isa = PBXBuildFile; fileRef = 7AA7CC1621FA115F002DEE1B /* SpotifyCore.h */; settings = {ATTRIBUTES = (Public, ); }; };
		7AA7CC2921FA115F002DEE1B /* SpotifyCore.framework in Frameworks */ = {isa = PBXBuildFile; fileRef = 7AA7CC1421FA115F002DEE1B /* SpotifyCore.framework */; };
		7AA7CC2A21FA115F002DEE1B /* SpotifyCore.framework in Embed Frameworks */ = {isa = PBXBuildFile; fileRef = 7AA7CC1421FA115F002DEE1B /* SpotifyCore.framework */; settings = {ATTRIBUTES = (CodeSignOnCopy, RemoveHeadersOnCopy, ); }; };
		7AA7CC4021FA1186002DEE1B /* SpotifyUI.framework in Frameworks */ = {isa = PBXBuildFile; fileRef = 7AA7CC3721FA1186002DEE1B /* SpotifyUI.framework */; };
		7AA7CC4721FA1186002DEE1B /* SpotifyUITests.swift in Sources */ = {isa = PBXBuildFile; fileRef = 7AA7CC4621FA1186002DEE1B /* SpotifyUITests.swift */; };
		7AA7CC4921FA1186002DEE1B /* SpotifyUI.h in Headers */ = {isa = PBXBuildFile; fileRef = 7AA7CC3921FA1186002DEE1B /* SpotifyUI.h */; settings = {ATTRIBUTES = (Public, ); }; };
		7AA7CC4C21FA1186002DEE1B /* SpotifyUI.framework in Frameworks */ = {isa = PBXBuildFile; fileRef = 7AA7CC3721FA1186002DEE1B /* SpotifyUI.framework */; };
		7AA7CC4D21FA1186002DEE1B /* SpotifyUI.framework in Embed Frameworks */ = {isa = PBXBuildFile; fileRef = 7AA7CC3721FA1186002DEE1B /* SpotifyUI.framework */; settings = {ATTRIBUTES = (CodeSignOnCopy, RemoveHeadersOnCopy, ); }; };
		7AA7CC5A21FA1A66002DEE1B /* Strings.swift in Sources */ = {isa = PBXBuildFile; fileRef = 7AA7CC5821FA1A66002DEE1B /* Strings.swift */; };
		7AA7CC5B21FA1A66002DEE1B /* Localizable.strings in Resources */ = {isa = PBXBuildFile; fileRef = 7AA7CC5921FA1A66002DEE1B /* Localizable.strings */; };
		7AA7CC6521FA1AAD002DEE1B /* NetworkActivityService.swift in Sources */ = {isa = PBXBuildFile; fileRef = 7AA7CC5E21FA1AAD002DEE1B /* NetworkActivityService.swift */; };
		7AA7CC6621FA1AAD002DEE1B /* ReachabilityService.swift in Sources */ = {isa = PBXBuildFile; fileRef = 7AA7CC5F21FA1AAD002DEE1B /* ReachabilityService.swift */; };
		7AA7CC6721FA1AAD002DEE1B /* MultiCastDelegate.swift in Sources */ = {isa = PBXBuildFile; fileRef = 7AA7CC6021FA1AAD002DEE1B /* MultiCastDelegate.swift */; };
		7AA7CC6821FA1AAD002DEE1B /* DispatchQueue+Cancellable.swift in Sources */ = {isa = PBXBuildFile; fileRef = 7AA7CC6121FA1AAD002DEE1B /* DispatchQueue+Cancellable.swift */; };
		7AA7CC6921FA1AAD002DEE1B /* MutexCounter.swift in Sources */ = {isa = PBXBuildFile; fileRef = 7AA7CC6221FA1AAD002DEE1B /* MutexCounter.swift */; };
		7AA7CC6A21FA1AAD002DEE1B /* CwlMutex.swift in Sources */ = {isa = PBXBuildFile; fileRef = 7AA7CC6421FA1AAD002DEE1B /* CwlMutex.swift */; };
		7AA7CC6C21FA1AC0002DEE1B /* ErrorService.swift in Sources */ = {isa = PBXBuildFile; fileRef = 7AA7CC6B21FA1AC0002DEE1B /* ErrorService.swift */; };
		7AA7CC7021FA2935002DEE1B /* WebServiceService.swift in Sources */ = {isa = PBXBuildFile; fileRef = 7AA7CC6F21FA2935002DEE1B /* WebServiceService.swift */; };
		7AA7CC7321FA2D1F002DEE1B /* Artist.swift in Sources */ = {isa = PBXBuildFile; fileRef = 7AA7CC7221FA2D1F002DEE1B /* Artist.swift */; };
		7AA7CC7521FA2D2A002DEE1B /* Album.swift in Sources */ = {isa = PBXBuildFile; fileRef = 7AA7CC7421FA2D2A002DEE1B /* Album.swift */; };
		7AA7CC7721FA2D36002DEE1B /* Track.swift in Sources */ = {isa = PBXBuildFile; fileRef = 7AA7CC7621FA2D36002DEE1B /* Track.swift */; };
		7AA7CC7921FA2EF2002DEE1B /* ParserService.swift in Sources */ = {isa = PBXBuildFile; fileRef = 7AA7CC7821FA2EF2002DEE1B /* ParserService.swift */; };
		7AA7CC7C21FB2ABC002DEE1B /* String+Spotify.swift in Sources */ = {isa = PBXBuildFile; fileRef = 7AA7CC7B21FB2ABC002DEE1B /* String+Spotify.swift */; };
		7AA7CC7E21FB3C27002DEE1B /* ParsingStructs.swift in Sources */ = {isa = PBXBuildFile; fileRef = 7AA7CC7D21FB3C27002DEE1B /* ParsingStructs.swift */; };
		7AA7CC8021FB7AB3002DEE1B /* UserDefaultsService.swift in Sources */ = {isa = PBXBuildFile; fileRef = 7AA7CC7F21FB7AB3002DEE1B /* UserDefaultsService.swift */; };
		7AA7CC8221FB8C72002DEE1B /* Array+Spotify.swift in Sources */ = {isa = PBXBuildFile; fileRef = 7AA7CC8121FB8C72002DEE1B /* Array+Spotify.swift */; };
		7AA7CC8421FBA40C002DEE1B /* SpotifyAuth.swift in Sources */ = {isa = PBXBuildFile; fileRef = 7AA7CC8321FBA40C002DEE1B /* SpotifyAuth.swift */; };
		7AA7CC8621FBB8E8002DEE1B /* Image.swift in Sources */ = {isa = PBXBuildFile; fileRef = 7AA7CC8521FBB8E8002DEE1B /* Image.swift */; };
		7AA7CC8921FC78CA002DEE1B /* Launch Screen.storyboard in Resources */ = {isa = PBXBuildFile; fileRef = 7AA7CC8821FC78CA002DEE1B /* Launch Screen.storyboard */; };
		7AC37EF821FC7B620068C323 /* SearchViewController.xib in Resources */ = {isa = PBXBuildFile; fileRef = 7AC37EF721FC7B620068C323 /* SearchViewController.xib */; };
		7AC37EFA21FC7B7B0068C323 /* SearchViewController.swift in Sources */ = {isa = PBXBuildFile; fileRef = 7AC37EF921FC7B7B0068C323 /* SearchViewController.swift */; };
		7AC37EFC21FC7C790068C323 /* SearchViewModel.swift in Sources */ = {isa = PBXBuildFile; fileRef = 7AC37EFB21FC7C790068C323 /* SearchViewModel.swift */; };
		7AC37EFE21FC808C0068C323 /* String+Regex.swift in Sources */ = {isa = PBXBuildFile; fileRef = 7AC37EFD21FC808C0068C323 /* String+Regex.swift */; };
		7AC37F0121FC82CF0068C323 /* UIView+Constrainst.swift in Sources */ = {isa = PBXBuildFile; fileRef = 7AC37F0021FC82CF0068C323 /* UIView+Constrainst.swift */; };
		7AC37F0321FC90190068C323 /* UIViewController+Spotify.swift in Sources */ = {isa = PBXBuildFile; fileRef = 7AC37F0221FC90190068C323 /* UIViewController+Spotify.swift */; };
		7AC37F0921FC92A70068C323 /* BaseViewController.swift in Sources */ = {isa = PBXBuildFile; fileRef = 7AC37F0821FC92A70068C323 /* BaseViewController.swift */; };
		7AC37F0A21FC94650068C323 /* BaseViewModel.swift in Sources */ = {isa = PBXBuildFile; fileRef = 7AC37F0521FC92900068C323 /* BaseViewModel.swift */; };
		7AC37F0C21FC96000068C323 /* ArtistCell.xib in Resources */ = {isa = PBXBuildFile; fileRef = 7AC37F0B21FC96000068C323 /* ArtistCell.xib */; };
		7AC37F1121FC981C0068C323 /* UIImageView+ImageCache.swift in Sources */ = {isa = PBXBuildFile; fileRef = 7AC37F0D21FC96120068C323 /* UIImageView+ImageCache.swift */; };
		7AC37F1321FC9A7C0068C323 /* ArtistCell.swift in Sources */ = {isa = PBXBuildFile; fileRef = 7AC37F1221FC9A7C0068C323 /* ArtistCell.swift */; };
		7AC37F1521FC9B470068C323 /* ArtistViewModel.swift in Sources */ = {isa = PBXBuildFile; fileRef = 7AC37F1421FC9B470068C323 /* ArtistViewModel.swift */; };
		7AC37F1721FCA5090068C323 /* UITestKey.swift in Sources */ = {isa = PBXBuildFile; fileRef = 7AC37F1621FCA5090068C323 /* UITestKey.swift */; };
		AA2F91F06AB50C4444EAA156 /* libPods-SpotifyUITests.a in Frameworks */ = {isa = PBXBuildFile; fileRef = 19A524E33DB04AE2F14CEBB5 /* libPods-SpotifyUITests.a */; };
		E2CE2CC9D8F37E250BFE3F3E /* Pods_SpotifyCore.framework in Frameworks */ = {isa = PBXBuildFile; fileRef = D0347D7BA77BD15210130D0F /* Pods_SpotifyCore.framework */; };
/* End PBXBuildFile section */

/* Begin PBXContainerItemProxy section */
		7AA7CBED21FA0F5E002DEE1B /* PBXContainerItemProxy */ = {
			isa = PBXContainerItemProxy;
			containerPortal = 7AA7CBD021FA0F5C002DEE1B /* Project object */;
			proxyType = 1;
			remoteGlobalIDString = 7AA7CBD721FA0F5D002DEE1B;
			remoteInfo = Spotify;
		};
		7AA7CBF821FA0F5E002DEE1B /* PBXContainerItemProxy */ = {
			isa = PBXContainerItemProxy;
			containerPortal = 7AA7CBD021FA0F5C002DEE1B /* Project object */;
			proxyType = 1;
			remoteGlobalIDString = 7AA7CBD721FA0F5D002DEE1B;
			remoteInfo = Spotify;
		};
		7AA7CC1E21FA115F002DEE1B /* PBXContainerItemProxy */ = {
			isa = PBXContainerItemProxy;
			containerPortal = 7AA7CBD021FA0F5C002DEE1B /* Project object */;
			proxyType = 1;
			remoteGlobalIDString = 7AA7CC1321FA115F002DEE1B;
			remoteInfo = SpotifyCore;
		};
		7AA7CC2021FA115F002DEE1B /* PBXContainerItemProxy */ = {
			isa = PBXContainerItemProxy;
			containerPortal = 7AA7CBD021FA0F5C002DEE1B /* Project object */;
			proxyType = 1;
			remoteGlobalIDString = 7AA7CBD721FA0F5D002DEE1B;
			remoteInfo = Spotify;
		};
		7AA7CC2721FA115F002DEE1B /* PBXContainerItemProxy */ = {
			isa = PBXContainerItemProxy;
			containerPortal = 7AA7CBD021FA0F5C002DEE1B /* Project object */;
			proxyType = 1;
			remoteGlobalIDString = 7AA7CC1321FA115F002DEE1B;
			remoteInfo = SpotifyCore;
		};
		7AA7CC4121FA1186002DEE1B /* PBXContainerItemProxy */ = {
			isa = PBXContainerItemProxy;
			containerPortal = 7AA7CBD021FA0F5C002DEE1B /* Project object */;
			proxyType = 1;
			remoteGlobalIDString = 7AA7CC3621FA1186002DEE1B;
			remoteInfo = SpotifyUI;
		};
		7AA7CC4321FA1186002DEE1B /* PBXContainerItemProxy */ = {
			isa = PBXContainerItemProxy;
			containerPortal = 7AA7CBD021FA0F5C002DEE1B /* Project object */;
			proxyType = 1;
			remoteGlobalIDString = 7AA7CBD721FA0F5D002DEE1B;
			remoteInfo = Spotify;
		};
		7AA7CC4A21FA1186002DEE1B /* PBXContainerItemProxy */ = {
			isa = PBXContainerItemProxy;
			containerPortal = 7AA7CBD021FA0F5C002DEE1B /* Project object */;
			proxyType = 1;
			remoteGlobalIDString = 7AA7CC3621FA1186002DEE1B;
			remoteInfo = SpotifyUI;
		};
/* End PBXContainerItemProxy section */

/* Begin PBXCopyFilesBuildPhase section */
		7AA7CC2E21FA115F002DEE1B /* Embed Frameworks */ = {
			isa = PBXCopyFilesBuildPhase;
			buildActionMask = 2147483647;
			dstPath = "";
			dstSubfolderSpec = 10;
			files = (
				7AA7CC2A21FA115F002DEE1B /* SpotifyCore.framework in Embed Frameworks */,
				7AA7CC4D21FA1186002DEE1B /* SpotifyUI.framework in Embed Frameworks */,
			);
			name = "Embed Frameworks";
			runOnlyForDeploymentPostprocessing = 0;
		};
/* End PBXCopyFilesBuildPhase section */

/* Begin PBXFileReference section */
		19A524E33DB04AE2F14CEBB5 /* libPods-SpotifyUITests.a */ = {isa = PBXFileReference; explicitFileType = archive.ar; includeInIndex = 0; path = "libPods-SpotifyUITests.a"; sourceTree = BUILT_PRODUCTS_DIR; };
		1B5BB1D3C43CF052F3DE99B7 /* Pods_SpotifyUI.framework */ = {isa = PBXFileReference; explicitFileType = wrapper.framework; includeInIndex = 0; path = Pods_SpotifyUI.framework; sourceTree = BUILT_PRODUCTS_DIR; };
		3AFC637F94FD08751D9D2948 /* Pods-SpotifyTests.debug.xcconfig */ = {isa = PBXFileReference; includeInIndex = 1; lastKnownFileType = text.xcconfig; name = "Pods-SpotifyTests.debug.xcconfig"; path = "Target Support Files/Pods-SpotifyTests/Pods-SpotifyTests.debug.xcconfig"; sourceTree = "<group>"; };
		7026ED0EEDA0426BEA49C0C2 /* Pods-Spotify.debug.xcconfig */ = {isa = PBXFileReference; includeInIndex = 1; lastKnownFileType = text.xcconfig; name = "Pods-Spotify.debug.xcconfig"; path = "Target Support Files/Pods-Spotify/Pods-Spotify.debug.xcconfig"; sourceTree = "<group>"; };
		70EDF0A0184FD694EA7AFB14 /* Pods-SpotifyUI.release.xcconfig */ = {isa = PBXFileReference; includeInIndex = 1; lastKnownFileType = text.xcconfig; name = "Pods-SpotifyUI.release.xcconfig"; path = "Target Support Files/Pods-SpotifyUI/Pods-SpotifyUI.release.xcconfig"; sourceTree = "<group>"; };
		74ABCA085FF95A03352A51CA /* libPods-SpotifyTests.a */ = {isa = PBXFileReference; explicitFileType = archive.ar; includeInIndex = 0; path = "libPods-SpotifyTests.a"; sourceTree = BUILT_PRODUCTS_DIR; };
		7AA7CBD821FA0F5D002DEE1B /* Spotify.app */ = {isa = PBXFileReference; explicitFileType = wrapper.application; includeInIndex = 0; path = Spotify.app; sourceTree = BUILT_PRODUCTS_DIR; };
		7AA7CBDB21FA0F5D002DEE1B /* AppDelegate.swift */ = {isa = PBXFileReference; lastKnownFileType = sourcecode.swift; path = AppDelegate.swift; sourceTree = "<group>"; };
		7AA7CBE221FA0F5E002DEE1B /* Assets.xcassets */ = {isa = PBXFileReference; lastKnownFileType = folder.assetcatalog; path = Assets.xcassets; sourceTree = "<group>"; };
		7AA7CBE721FA0F5E002DEE1B /* Info.plist */ = {isa = PBXFileReference; lastKnownFileType = text.plist.xml; path = Info.plist; sourceTree = "<group>"; };
		7AA7CBEC21FA0F5E002DEE1B /* SpotifyTests.xctest */ = {isa = PBXFileReference; explicitFileType = wrapper.cfbundle; includeInIndex = 0; path = SpotifyTests.xctest; sourceTree = BUILT_PRODUCTS_DIR; };
		7AA7CBF021FA0F5E002DEE1B /* SpotifyTests.swift */ = {isa = PBXFileReference; lastKnownFileType = sourcecode.swift; path = SpotifyTests.swift; sourceTree = "<group>"; };
		7AA7CBF221FA0F5E002DEE1B /* Info.plist */ = {isa = PBXFileReference; lastKnownFileType = text.plist.xml; path = Info.plist; sourceTree = "<group>"; };
		7AA7CBF721FA0F5E002DEE1B /* SpotifyUITests.xctest */ = {isa = PBXFileReference; explicitFileType = wrapper.cfbundle; includeInIndex = 0; path = SpotifyUITests.xctest; sourceTree = BUILT_PRODUCTS_DIR; };
		7AA7CBFB21FA0F5E002DEE1B /* SpotifyUITests.swift */ = {isa = PBXFileReference; lastKnownFileType = sourcecode.swift; path = SpotifyUITests.swift; sourceTree = "<group>"; };
		7AA7CBFD21FA0F5E002DEE1B /* Info.plist */ = {isa = PBXFileReference; lastKnownFileType = text.plist.xml; path = Info.plist; sourceTree = "<group>"; };
		7AA7CC1421FA115F002DEE1B /* SpotifyCore.framework */ = {isa = PBXFileReference; explicitFileType = wrapper.framework; includeInIndex = 0; path = SpotifyCore.framework; sourceTree = BUILT_PRODUCTS_DIR; };
		7AA7CC1621FA115F002DEE1B /* SpotifyCore.h */ = {isa = PBXFileReference; lastKnownFileType = sourcecode.c.h; path = SpotifyCore.h; sourceTree = "<group>"; };
		7AA7CC1721FA115F002DEE1B /* Info.plist */ = {isa = PBXFileReference; lastKnownFileType = text.plist.xml; path = Info.plist; sourceTree = "<group>"; };
		7AA7CC1C21FA115F002DEE1B /* SpotifyCoreTests.xctest */ = {isa = PBXFileReference; explicitFileType = wrapper.cfbundle; includeInIndex = 0; path = SpotifyCoreTests.xctest; sourceTree = BUILT_PRODUCTS_DIR; };
		7AA7CC2321FA115F002DEE1B /* SpotifyCoreTests.swift */ = {isa = PBXFileReference; lastKnownFileType = sourcecode.swift; path = SpotifyCoreTests.swift; sourceTree = "<group>"; };
		7AA7CC2521FA115F002DEE1B /* Info.plist */ = {isa = PBXFileReference; lastKnownFileType = text.plist.xml; path = Info.plist; sourceTree = "<group>"; };
		7AA7CC3721FA1186002DEE1B /* SpotifyUI.framework */ = {isa = PBXFileReference; explicitFileType = wrapper.framework; includeInIndex = 0; path = SpotifyUI.framework; sourceTree = BUILT_PRODUCTS_DIR; };
		7AA7CC3921FA1186002DEE1B /* SpotifyUI.h */ = {isa = PBXFileReference; lastKnownFileType = sourcecode.c.h; path = SpotifyUI.h; sourceTree = "<group>"; };
		7AA7CC3A21FA1186002DEE1B /* Info.plist */ = {isa = PBXFileReference; lastKnownFileType = text.plist.xml; path = Info.plist; sourceTree = "<group>"; };
		7AA7CC3F21FA1186002DEE1B /* SpotifyUITests.xctest */ = {isa = PBXFileReference; explicitFileType = wrapper.cfbundle; includeInIndex = 0; path = SpotifyUITests.xctest; sourceTree = BUILT_PRODUCTS_DIR; };
		7AA7CC4621FA1186002DEE1B /* SpotifyUITests.swift */ = {isa = PBXFileReference; lastKnownFileType = sourcecode.swift; path = SpotifyUITests.swift; sourceTree = "<group>"; };
		7AA7CC4821FA1186002DEE1B /* Info.plist */ = {isa = PBXFileReference; lastKnownFileType = text.plist.xml; path = Info.plist; sourceTree = "<group>"; };
		7AA7CC5821FA1A66002DEE1B /* Strings.swift */ = {isa = PBXFileReference; fileEncoding = 4; lastKnownFileType = sourcecode.swift; path = Strings.swift; sourceTree = "<group>"; };
		7AA7CC5921FA1A66002DEE1B /* Localizable.strings */ = {isa = PBXFileReference; fileEncoding = 4; lastKnownFileType = text.plist.strings; path = Localizable.strings; sourceTree = "<group>"; };
		7AA7CC5E21FA1AAD002DEE1B /* NetworkActivityService.swift */ = {isa = PBXFileReference; fileEncoding = 4; lastKnownFileType = sourcecode.swift; path = NetworkActivityService.swift; sourceTree = "<group>"; };
		7AA7CC5F21FA1AAD002DEE1B /* ReachabilityService.swift */ = {isa = PBXFileReference; fileEncoding = 4; lastKnownFileType = sourcecode.swift; path = ReachabilityService.swift; sourceTree = "<group>"; };
		7AA7CC6021FA1AAD002DEE1B /* MultiCastDelegate.swift */ = {isa = PBXFileReference; fileEncoding = 4; lastKnownFileType = sourcecode.swift; path = MultiCastDelegate.swift; sourceTree = "<group>"; };
		7AA7CC6121FA1AAD002DEE1B /* DispatchQueue+Cancellable.swift */ = {isa = PBXFileReference; fileEncoding = 4; lastKnownFileType = sourcecode.swift; path = "DispatchQueue+Cancellable.swift"; sourceTree = "<group>"; };
		7AA7CC6221FA1AAD002DEE1B /* MutexCounter.swift */ = {isa = PBXFileReference; fileEncoding = 4; lastKnownFileType = sourcecode.swift; path = MutexCounter.swift; sourceTree = "<group>"; };
		7AA7CC6421FA1AAD002DEE1B /* CwlMutex.swift */ = {isa = PBXFileReference; fileEncoding = 4; lastKnownFileType = sourcecode.swift; path = CwlMutex.swift; sourceTree = "<group>"; };
		7AA7CC6B21FA1AC0002DEE1B /* ErrorService.swift */ = {isa = PBXFileReference; fileEncoding = 4; lastKnownFileType = sourcecode.swift; path = ErrorService.swift; sourceTree = "<group>"; };
		7AA7CC6F21FA2935002DEE1B /* WebServiceService.swift */ = {isa = PBXFileReference; fileEncoding = 4; lastKnownFileType = sourcecode.swift; path = WebServiceService.swift; sourceTree = "<group>"; };
		7AA7CC7221FA2D1F002DEE1B /* Artist.swift */ = {isa = PBXFileReference; lastKnownFileType = sourcecode.swift; path = Artist.swift; sourceTree = "<group>"; };
		7AA7CC7421FA2D2A002DEE1B /* Album.swift */ = {isa = PBXFileReference; lastKnownFileType = sourcecode.swift; path = Album.swift; sourceTree = "<group>"; };
		7AA7CC7621FA2D36002DEE1B /* Track.swift */ = {isa = PBXFileReference; lastKnownFileType = sourcecode.swift; path = Track.swift; sourceTree = "<group>"; };
		7AA7CC7821FA2EF2002DEE1B /* ParserService.swift */ = {isa = PBXFileReference; fileEncoding = 4; lastKnownFileType = sourcecode.swift; path = ParserService.swift; sourceTree = "<group>"; };
		7AA7CC7B21FB2ABC002DEE1B /* String+Spotify.swift */ = {isa = PBXFileReference; lastKnownFileType = sourcecode.swift; path = "String+Spotify.swift"; sourceTree = "<group>"; };
		7AA7CC7D21FB3C27002DEE1B /* ParsingStructs.swift */ = {isa = PBXFileReference; lastKnownFileType = sourcecode.swift; path = ParsingStructs.swift; sourceTree = "<group>"; };
		7AA7CC7F21FB7AB3002DEE1B /* UserDefaultsService.swift */ = {isa = PBXFileReference; lastKnownFileType = sourcecode.swift; path = UserDefaultsService.swift; sourceTree = "<group>"; };
		7AA7CC8121FB8C72002DEE1B /* Array+Spotify.swift */ = {isa = PBXFileReference; lastKnownFileType = sourcecode.swift; path = "Array+Spotify.swift"; sourceTree = "<group>"; };
		7AA7CC8321FBA40C002DEE1B /* SpotifyAuth.swift */ = {isa = PBXFileReference; lastKnownFileType = sourcecode.swift; path = SpotifyAuth.swift; sourceTree = "<group>"; };
		7AA7CC8521FBB8E8002DEE1B /* Image.swift */ = {isa = PBXFileReference; lastKnownFileType = sourcecode.swift; path = Image.swift; sourceTree = "<group>"; };
		7AA7CC8821FC78CA002DEE1B /* Launch Screen.storyboard */ = {isa = PBXFileReference; lastKnownFileType = file.storyboard; path = "Launch Screen.storyboard"; sourceTree = "<group>"; };
		7AC37EF721FC7B620068C323 /* SearchViewController.xib */ = {isa = PBXFileReference; lastKnownFileType = file.xib; path = SearchViewController.xib; sourceTree = "<group>"; };
		7AC37EF921FC7B7B0068C323 /* SearchViewController.swift */ = {isa = PBXFileReference; lastKnownFileType = sourcecode.swift; path = SearchViewController.swift; sourceTree = "<group>"; };
		7AC37EFB21FC7C790068C323 /* SearchViewModel.swift */ = {isa = PBXFileReference; lastKnownFileType = sourcecode.swift; path = SearchViewModel.swift; sourceTree = "<group>"; };
		7AC37EFD21FC808C0068C323 /* String+Regex.swift */ = {isa = PBXFileReference; fileEncoding = 4; lastKnownFileType = sourcecode.swift; path = "String+Regex.swift"; sourceTree = "<group>"; };
		7AC37F0021FC82CF0068C323 /* UIView+Constrainst.swift */ = {isa = PBXFileReference; fileEncoding = 4; lastKnownFileType = sourcecode.swift; path = "UIView+Constrainst.swift"; sourceTree = "<group>"; };
		7AC37F0221FC90190068C323 /* UIViewController+Spotify.swift */ = {isa = PBXFileReference; lastKnownFileType = sourcecode.swift; path = "UIViewController+Spotify.swift"; sourceTree = "<group>"; };
		7AC37F0521FC92900068C323 /* BaseViewModel.swift */ = {isa = PBXFileReference; fileEncoding = 4; lastKnownFileType = sourcecode.swift; path = BaseViewModel.swift; sourceTree = "<group>"; };
		7AC37F0821FC92A70068C323 /* BaseViewController.swift */ = {isa = PBXFileReference; fileEncoding = 4; lastKnownFileType = sourcecode.swift; path = BaseViewController.swift; sourceTree = "<group>"; };
		7AC37F0B21FC96000068C323 /* ArtistCell.xib */ = {isa = PBXFileReference; fileEncoding = 4; lastKnownFileType = file.xib; path = ArtistCell.xib; sourceTree = "<group>"; };
		7AC37F0D21FC96120068C323 /* UIImageView+ImageCache.swift */ = {isa = PBXFileReference; fileEncoding = 4; lastKnownFileType = sourcecode.swift; path = "UIImageView+ImageCache.swift"; sourceTree = "<group>"; };
		7AC37F1221FC9A7C0068C323 /* ArtistCell.swift */ = {isa = PBXFileReference; fileEncoding = 4; lastKnownFileType = sourcecode.swift; path = ArtistCell.swift; sourceTree = "<group>"; };
		7AC37F1421FC9B470068C323 /* ArtistViewModel.swift */ = {isa = PBXFileReference; lastKnownFileType = sourcecode.swift; path = ArtistViewModel.swift; sourceTree = "<group>"; };
		7AC37F1621FCA5090068C323 /* UITestKey.swift */ = {isa = PBXFileReference; fileEncoding = 4; lastKnownFileType = sourcecode.swift; path = UITestKey.swift; sourceTree = "<group>"; };
		90CBB884C5DC9D5D22E9DC1E /* Pods-SpotifyCore.debug.xcconfig */ = {isa = PBXFileReference; includeInIndex = 1; lastKnownFileType = text.xcconfig; name = "Pods-SpotifyCore.debug.xcconfig"; path = "Target Support Files/Pods-SpotifyCore/Pods-SpotifyCore.debug.xcconfig"; sourceTree = "<group>"; };
		94E6CC3FA9EF9D79CD8C1889 /* Pods-SpotifyCore.release.xcconfig */ = {isa = PBXFileReference; includeInIndex = 1; lastKnownFileType = text.xcconfig; name = "Pods-SpotifyCore.release.xcconfig"; path = "Target Support Files/Pods-SpotifyCore/Pods-SpotifyCore.release.xcconfig"; sourceTree = "<group>"; };
		A12E01B77748CC0733FF7E9F /* Pods-SpotifyUI.debug.xcconfig */ = {isa = PBXFileReference; includeInIndex = 1; lastKnownFileType = text.xcconfig; name = "Pods-SpotifyUI.debug.xcconfig"; path = "Target Support Files/Pods-SpotifyUI/Pods-SpotifyUI.debug.xcconfig"; sourceTree = "<group>"; };
		B271DF5825F4AA585F33249C /* Pods_Spotify.framework */ = {isa = PBXFileReference; explicitFileType = wrapper.framework; includeInIndex = 0; path = Pods_Spotify.framework; sourceTree = BUILT_PRODUCTS_DIR; };
		BF8F880E0F08A2868DA27437 /* Pods-SpotifyTests.release.xcconfig */ = {isa = PBXFileReference; includeInIndex = 1; lastKnownFileType = text.xcconfig; name = "Pods-SpotifyTests.release.xcconfig"; path = "Target Support Files/Pods-SpotifyTests/Pods-SpotifyTests.release.xcconfig"; sourceTree = "<group>"; };
		C1E1AD892D2DA3670C66A873 /* Pods-Spotify.release.xcconfig */ = {isa = PBXFileReference; includeInIndex = 1; lastKnownFileType = text.xcconfig; name = "Pods-Spotify.release.xcconfig"; path = "Target Support Files/Pods-Spotify/Pods-Spotify.release.xcconfig"; sourceTree = "<group>"; };
		D0347D7BA77BD15210130D0F /* Pods_SpotifyCore.framework */ = {isa = PBXFileReference; explicitFileType = wrapper.framework; includeInIndex = 0; path = Pods_SpotifyCore.framework; sourceTree = BUILT_PRODUCTS_DIR; };
		DABE45418887164120D4FFA8 /* Pods-SpotifyUITests.debug.xcconfig */ = {isa = PBXFileReference; includeInIndex = 1; lastKnownFileType = text.xcconfig; name = "Pods-SpotifyUITests.debug.xcconfig"; path = "Target Support Files/Pods-SpotifyUITests/Pods-SpotifyUITests.debug.xcconfig"; sourceTree = "<group>"; };
		DB351320D4124965EC9FD752 /* Pods-SpotifyUITests.release.xcconfig */ = {isa = PBXFileReference; includeInIndex = 1; lastKnownFileType = text.xcconfig; name = "Pods-SpotifyUITests.release.xcconfig"; path = "Target Support Files/Pods-SpotifyUITests/Pods-SpotifyUITests.release.xcconfig"; sourceTree = "<group>"; };
/* End PBXFileReference section */

/* Begin PBXFrameworksBuildPhase section */
		7AA7CBD521FA0F5D002DEE1B /* Frameworks */ = {
			isa = PBXFrameworksBuildPhase;
			buildActionMask = 2147483647;
			files = (
				7AA7CC2921FA115F002DEE1B /* SpotifyCore.framework in Frameworks */,
				7AA7CC4C21FA1186002DEE1B /* SpotifyUI.framework in Frameworks */,
				693D1F88C3A0437DA0AA1271 /* Pods_Spotify.framework in Frameworks */,
			);
			runOnlyForDeploymentPostprocessing = 0;
		};
		7AA7CBE921FA0F5E002DEE1B /* Frameworks */ = {
			isa = PBXFrameworksBuildPhase;
			buildActionMask = 2147483647;
			files = (
				383EE954516B89DD3C4AF969 /* libPods-SpotifyTests.a in Frameworks */,
			);
			runOnlyForDeploymentPostprocessing = 0;
		};
		7AA7CBF421FA0F5E002DEE1B /* Frameworks */ = {
			isa = PBXFrameworksBuildPhase;
			buildActionMask = 2147483647;
			files = (
				AA2F91F06AB50C4444EAA156 /* libPods-SpotifyUITests.a in Frameworks */,
			);
			runOnlyForDeploymentPostprocessing = 0;
		};
		7AA7CC1121FA115F002DEE1B /* Frameworks */ = {
			isa = PBXFrameworksBuildPhase;
			buildActionMask = 2147483647;
			files = (
				E2CE2CC9D8F37E250BFE3F3E /* Pods_SpotifyCore.framework in Frameworks */,
			);
			runOnlyForDeploymentPostprocessing = 0;
		};
		7AA7CC1921FA115F002DEE1B /* Frameworks */ = {
			isa = PBXFrameworksBuildPhase;
			buildActionMask = 2147483647;
			files = (
				7AA7CC1D21FA115F002DEE1B /* SpotifyCore.framework in Frameworks */,
			);
			runOnlyForDeploymentPostprocessing = 0;
		};
		7AA7CC3421FA1186002DEE1B /* Frameworks */ = {
			isa = PBXFrameworksBuildPhase;
			buildActionMask = 2147483647;
			files = (
				5B0C8FEEDD58D2ABC327CBE1 /* Pods_SpotifyUI.framework in Frameworks */,
			);
			runOnlyForDeploymentPostprocessing = 0;
		};
		7AA7CC3C21FA1186002DEE1B /* Frameworks */ = {
			isa = PBXFrameworksBuildPhase;
			buildActionMask = 2147483647;
			files = (
				7AA7CC4021FA1186002DEE1B /* SpotifyUI.framework in Frameworks */,
			);
			runOnlyForDeploymentPostprocessing = 0;
		};
/* End PBXFrameworksBuildPhase section */

/* Begin PBXGroup section */
		45E41C74834165837092B3B0 /* Frameworks */ = {
			isa = PBXGroup;
			children = (
				B271DF5825F4AA585F33249C /* Pods_Spotify.framework */,
				D0347D7BA77BD15210130D0F /* Pods_SpotifyCore.framework */,
				74ABCA085FF95A03352A51CA /* libPods-SpotifyTests.a */,
				1B5BB1D3C43CF052F3DE99B7 /* Pods_SpotifyUI.framework */,
				19A524E33DB04AE2F14CEBB5 /* libPods-SpotifyUITests.a */,
			);
			name = Frameworks;
			sourceTree = "<group>";
		};
		7AA7CBCF21FA0F5C002DEE1B = {
			isa = PBXGroup;
			children = (
				7AA7CBDA21FA0F5D002DEE1B /* Spotify */,
				7AA7CBEF21FA0F5E002DEE1B /* SpotifyTests */,
				7AA7CBFA21FA0F5E002DEE1B /* SpotifyUITests */,
				7AA7CC1521FA115F002DEE1B /* SpotifyCore */,
				7AA7CC2221FA115F002DEE1B /* SpotifyCoreTests */,
				7AA7CC3821FA1186002DEE1B /* SpotifyUI */,
				7AA7CC4521FA1186002DEE1B /* SpotifyUITests */,
				7AA7CBD921FA0F5D002DEE1B /* Products */,
				814E3E2740C19F1001B9E61C /* Pods */,
				45E41C74834165837092B3B0 /* Frameworks */,
			);
			sourceTree = "<group>";
		};
		7AA7CBD921FA0F5D002DEE1B /* Products */ = {
			isa = PBXGroup;
			children = (
				7AA7CBD821FA0F5D002DEE1B /* Spotify.app */,
				7AA7CBEC21FA0F5E002DEE1B /* SpotifyTests.xctest */,
				7AA7CBF721FA0F5E002DEE1B /* SpotifyUITests.xctest */,
				7AA7CC1421FA115F002DEE1B /* SpotifyCore.framework */,
				7AA7CC1C21FA115F002DEE1B /* SpotifyCoreTests.xctest */,
				7AA7CC3721FA1186002DEE1B /* SpotifyUI.framework */,
				7AA7CC3F21FA1186002DEE1B /* SpotifyUITests.xctest */,
			);
			name = Products;
			sourceTree = "<group>";
		};
		7AA7CBDA21FA0F5D002DEE1B /* Spotify */ = {
			isa = PBXGroup;
			children = (
				7AA7CC0E21FA0F9F002DEE1B /* Resources */,
				7AA7CC0921FA0F65002DEE1B /* MVVM */,
				7AA7CBDB21FA0F5D002DEE1B /* AppDelegate.swift */,
				7AC37F1621FCA5090068C323 /* UITestKey.swift */,
				7AA7CBE721FA0F5E002DEE1B /* Info.plist */,
			);
			path = Spotify;
			sourceTree = "<group>";
		};
		7AA7CBEF21FA0F5E002DEE1B /* SpotifyTests */ = {
			isa = PBXGroup;
			children = (
				7AA7CBF021FA0F5E002DEE1B /* SpotifyTests.swift */,
				7AA7CBF221FA0F5E002DEE1B /* Info.plist */,
			);
			path = SpotifyTests;
			sourceTree = "<group>";
		};
		7AA7CBFA21FA0F5E002DEE1B /* SpotifyUITests */ = {
			isa = PBXGroup;
			children = (
				7AA7CBFB21FA0F5E002DEE1B /* SpotifyUITests.swift */,
				7AA7CBFD21FA0F5E002DEE1B /* Info.plist */,
			);
			path = SpotifyUITests;
			sourceTree = "<group>";
		};
		7AA7CC0921FA0F65002DEE1B /* MVVM */ = {
			isa = PBXGroup;
			children = (
				7AA7CC0B21FA0F74002DEE1B /* Views */,
				7AA7CC0A21FA0F6B002DEE1B /* ViewModels */,
			);
			path = MVVM;
			sourceTree = "<group>";
		};
		7AA7CC0A21FA0F6B002DEE1B /* ViewModels */ = {
			isa = PBXGroup;
			children = (
				7AC37EFB21FC7C790068C323 /* SearchViewModel.swift */,
				7AC37F1421FC9B470068C323 /* ArtistViewModel.swift */,
			);
			path = ViewModels;
			sourceTree = "<group>";
		};
		7AA7CC0B21FA0F74002DEE1B /* Views */ = {
			isa = PBXGroup;
			children = (
				7AC37F1221FC9A7C0068C323 /* ArtistCell.swift */,
				7AA7CC0D21FA0F84002DEE1B /* Xibs */,
				7AC37EF921FC7B7B0068C323 /* SearchViewController.swift */,
			);
			path = Views;
			sourceTree = "<group>";
		};
		7AA7CC0D21FA0F84002DEE1B /* Xibs */ = {
			isa = PBXGroup;
			children = (
				7AC37F0B21FC96000068C323 /* ArtistCell.xib */,
				7AA7CC8821FC78CA002DEE1B /* Launch Screen.storyboard */,
				7AC37EF721FC7B620068C323 /* SearchViewController.xib */,
			);
			path = Xibs;
			sourceTree = "<group>";
		};
		7AA7CC0E21FA0F9F002DEE1B /* Resources */ = {
			isa = PBXGroup;
			children = (
				7AA7CBE221FA0F5E002DEE1B /* Assets.xcassets */,
			);
			path = Resources;
			sourceTree = "<group>";
		};
		7AA7CC1521FA115F002DEE1B /* SpotifyCore */ = {
			isa = PBXGroup;
			children = (
				7AA7CC7A21FB2AA8002DEE1B /* Extensions */,
				7AA7CC7121FA2D0C002DEE1B /* Models */,
				7AA7CC5D21FA1AAD002DEE1B /* Network */,
				7AA7CC5C21FA1A94002DEE1B /* Services */,
				7AA7CC5521FA1646002DEE1B /* Generated */,
				7AA7CC5421FA161C002DEE1B /* Resources */,
				7AA7CC1621FA115F002DEE1B /* SpotifyCore.h */,
				7AA7CC1721FA115F002DEE1B /* Info.plist */,
			);
			path = SpotifyCore;
			sourceTree = "<group>";
		};
		7AA7CC2221FA115F002DEE1B /* SpotifyCoreTests */ = {
			isa = PBXGroup;
			children = (
				7AA7CC2321FA115F002DEE1B /* SpotifyCoreTests.swift */,
				7AA7CC2521FA115F002DEE1B /* Info.plist */,
			);
			path = SpotifyCoreTests;
			sourceTree = "<group>";
		};
		7AA7CC3821FA1186002DEE1B /* SpotifyUI */ = {
			isa = PBXGroup;
			children = (
				7AC37F0421FC927A0068C323 /* ViewModels */,
				7AC37F0721FC92970068C323 /* Views */,
				7AC37EFF21FC82C00068C323 /* Extensions */,
				7AA7CC3921FA1186002DEE1B /* SpotifyUI.h */,
				7AA7CC3A21FA1186002DEE1B /* Info.plist */,
			);
			path = SpotifyUI;
			sourceTree = "<group>";
		};
		7AA7CC4521FA1186002DEE1B /* SpotifyUITests */ = {
			isa = PBXGroup;
			children = (
				7AA7CC4621FA1186002DEE1B /* SpotifyUITests.swift */,
				7AA7CC4821FA1186002DEE1B /* Info.plist */,
			);
			path = SpotifyUITests;
			sourceTree = "<group>";
		};
		7AA7CC5421FA161C002DEE1B /* Resources */ = {
			isa = PBXGroup;
			children = (
				7AA7CC5921FA1A66002DEE1B /* Localizable.strings */,
				7AA7CC5821FA1A66002DEE1B /* Strings.swift */,
			);
			path = Resources;
			sourceTree = "<group>";
		};
		7AA7CC5521FA1646002DEE1B /* Generated */ = {
			isa = PBXGroup;
			children = (
			);
			path = Generated;
			sourceTree = "<group>";
		};
		7AA7CC5C21FA1A94002DEE1B /* Services */ = {
			isa = PBXGroup;
			children = (
				7AA7CC6F21FA2935002DEE1B /* WebServiceService.swift */,
				7AA7CC7821FA2EF2002DEE1B /* ParserService.swift */,
				7AA7CC6B21FA1AC0002DEE1B /* ErrorService.swift */,
				7AA7CC7F21FB7AB3002DEE1B /* UserDefaultsService.swift */,
			);
			path = Services;
			sourceTree = "<group>";
		};
		7AA7CC5D21FA1AAD002DEE1B /* Network */ = {
			isa = PBXGroup;
			children = (
				7AA7CC5E21FA1AAD002DEE1B /* NetworkActivityService.swift */,
				7AA7CC5F21FA1AAD002DEE1B /* ReachabilityService.swift */,
				7AA7CC6021FA1AAD002DEE1B /* MultiCastDelegate.swift */,
				7AA7CC6121FA1AAD002DEE1B /* DispatchQueue+Cancellable.swift */,
				7AA7CC6221FA1AAD002DEE1B /* MutexCounter.swift */,
				7AA7CC6321FA1AAD002DEE1B /* Third Party  */,
			);
			path = Network;
			sourceTree = "<group>";
		};
		7AA7CC6321FA1AAD002DEE1B /* Third Party  */ = {
			isa = PBXGroup;
			children = (
				7AA7CC6421FA1AAD002DEE1B /* CwlMutex.swift */,
			);
			path = "Third Party ";
			sourceTree = "<group>";
		};
		7AA7CC7121FA2D0C002DEE1B /* Models */ = {
			isa = PBXGroup;
			children = (
				7AA7CC7221FA2D1F002DEE1B /* Artist.swift */,
				7AA7CC7421FA2D2A002DEE1B /* Album.swift */,
				7AA7CC7621FA2D36002DEE1B /* Track.swift */,
				7AA7CC7D21FB3C27002DEE1B /* ParsingStructs.swift */,
				7AA7CC8321FBA40C002DEE1B /* SpotifyAuth.swift */,
				7AA7CC8521FBB8E8002DEE1B /* Image.swift */,
			);
			path = Models;
			sourceTree = "<group>";
		};
		7AA7CC7A21FB2AA8002DEE1B /* Extensions */ = {
			isa = PBXGroup;
			children = (
				7AC37EFD21FC808C0068C323 /* String+Regex.swift */,
				7AA7CC7B21FB2ABC002DEE1B /* String+Spotify.swift */,
				7AA7CC8121FB8C72002DEE1B /* Array+Spotify.swift */,
			);
			path = Extensions;
			sourceTree = "<group>";
		};
		7AC37EFF21FC82C00068C323 /* Extensions */ = {
			isa = PBXGroup;
			children = (
				7AC37F0D21FC96120068C323 /* UIImageView+ImageCache.swift */,
				7AC37F0021FC82CF0068C323 /* UIView+Constrainst.swift */,
				7AC37F0221FC90190068C323 /* UIViewController+Spotify.swift */,
			);
			path = Extensions;
			sourceTree = "<group>";
		};
		7AC37F0421FC927A0068C323 /* ViewModels */ = {
			isa = PBXGroup;
			children = (
				7AC37F0521FC92900068C323 /* BaseViewModel.swift */,
			);
			path = ViewModels;
			sourceTree = "<group>";
		};
		7AC37F0721FC92970068C323 /* Views */ = {
			isa = PBXGroup;
			children = (
				7AC37F0821FC92A70068C323 /* BaseViewController.swift */,
			);
			path = Views;
			sourceTree = "<group>";
		};
		814E3E2740C19F1001B9E61C /* Pods */ = {
			isa = PBXGroup;
			children = (
				7026ED0EEDA0426BEA49C0C2 /* Pods-Spotify.debug.xcconfig */,
				C1E1AD892D2DA3670C66A873 /* Pods-Spotify.release.xcconfig */,
				90CBB884C5DC9D5D22E9DC1E /* Pods-SpotifyCore.debug.xcconfig */,
				94E6CC3FA9EF9D79CD8C1889 /* Pods-SpotifyCore.release.xcconfig */,
				3AFC637F94FD08751D9D2948 /* Pods-SpotifyTests.debug.xcconfig */,
				BF8F880E0F08A2868DA27437 /* Pods-SpotifyTests.release.xcconfig */,
				A12E01B77748CC0733FF7E9F /* Pods-SpotifyUI.debug.xcconfig */,
				70EDF0A0184FD694EA7AFB14 /* Pods-SpotifyUI.release.xcconfig */,
				DABE45418887164120D4FFA8 /* Pods-SpotifyUITests.debug.xcconfig */,
				DB351320D4124965EC9FD752 /* Pods-SpotifyUITests.release.xcconfig */,
			);
			path = Pods;
			sourceTree = "<group>";
		};
/* End PBXGroup section */

/* Begin PBXHeadersBuildPhase section */
		7AA7CC0F21FA115F002DEE1B /* Headers */ = {
			isa = PBXHeadersBuildPhase;
			buildActionMask = 2147483647;
			files = (
				7AA7CC2621FA115F002DEE1B /* SpotifyCore.h in Headers */,
			);
			runOnlyForDeploymentPostprocessing = 0;
		};
		7AA7CC3221FA1186002DEE1B /* Headers */ = {
			isa = PBXHeadersBuildPhase;
			buildActionMask = 2147483647;
			files = (
				7AA7CC4921FA1186002DEE1B /* SpotifyUI.h in Headers */,
			);
			runOnlyForDeploymentPostprocessing = 0;
		};
/* End PBXHeadersBuildPhase section */

/* Begin PBXNativeTarget section */
		7AA7CBD721FA0F5D002DEE1B /* Spotify */ = {
			isa = PBXNativeTarget;
			buildConfigurationList = 7AA7CC0021FA0F5E002DEE1B /* Build configuration list for PBXNativeTarget "Spotify" */;
			buildPhases = (
				E8898A5D030842FF831E8D99 /* [CP] Check Pods Manifest.lock */,
				7AA7CBD421FA0F5D002DEE1B /* Sources */,
				7AA7CBD521FA0F5D002DEE1B /* Frameworks */,
				7AA7CBD621FA0F5D002DEE1B /* Resources */,
				7AA7CC2E21FA115F002DEE1B /* Embed Frameworks */,
				94432B1AE8530AB214E6B5E5 /* [CP] Embed Pods Frameworks */,
				7AA7CC5621FA166E002DEE1B /* SwiftLint */,
				7AA7CC5721FA1685002DEE1B /* SwiftGen */,
			);
			buildRules = (
			);
			dependencies = (
				7AA7CC2821FA115F002DEE1B /* PBXTargetDependency */,
				7AA7CC4B21FA1186002DEE1B /* PBXTargetDependency */,
			);
			name = Spotify;
			productName = Spotify;
			productReference = 7AA7CBD821FA0F5D002DEE1B /* Spotify.app */;
			productType = "com.apple.product-type.application";
		};
		7AA7CBEB21FA0F5E002DEE1B /* SpotifyTests */ = {
			isa = PBXNativeTarget;
			buildConfigurationList = 7AA7CC0321FA0F5E002DEE1B /* Build configuration list for PBXNativeTarget "SpotifyTests" */;
			buildPhases = (
				C2F9E449FB7CECE9F1801C6F /* [CP] Check Pods Manifest.lock */,
				7AA7CBE821FA0F5E002DEE1B /* Sources */,
				7AA7CBE921FA0F5E002DEE1B /* Frameworks */,
				7AA7CBEA21FA0F5E002DEE1B /* Resources */,
			);
			buildRules = (
			);
			dependencies = (
				7AA7CBEE21FA0F5E002DEE1B /* PBXTargetDependency */,
			);
			name = SpotifyTests;
			productName = SpotifyTests;
			productReference = 7AA7CBEC21FA0F5E002DEE1B /* SpotifyTests.xctest */;
			productType = "com.apple.product-type.bundle.unit-test";
		};
		7AA7CBF621FA0F5E002DEE1B /* SpotifyUITests */ = {
			isa = PBXNativeTarget;
			buildConfigurationList = 7AA7CC0621FA0F5E002DEE1B /* Build configuration list for PBXNativeTarget "SpotifyUITests" */;
			buildPhases = (
				D5A23266F2AEA5EA0D13A4B6 /* [CP] Check Pods Manifest.lock */,
				7AA7CBF321FA0F5E002DEE1B /* Sources */,
				7AA7CBF421FA0F5E002DEE1B /* Frameworks */,
				7AA7CBF521FA0F5E002DEE1B /* Resources */,
			);
			buildRules = (
			);
			dependencies = (
				7AA7CBF921FA0F5E002DEE1B /* PBXTargetDependency */,
			);
			name = SpotifyUITests;
			productName = SpotifyUITests;
			productReference = 7AA7CBF721FA0F5E002DEE1B /* SpotifyUITests.xctest */;
			productType = "com.apple.product-type.bundle.ui-testing";
		};
		7AA7CC1321FA115F002DEE1B /* SpotifyCore */ = {
			isa = PBXNativeTarget;
			buildConfigurationList = 7AA7CC2B21FA115F002DEE1B /* Build configuration list for PBXNativeTarget "SpotifyCore" */;
			buildPhases = (
				C2B84E3E06577187F1CBEB6C /* [CP] Check Pods Manifest.lock */,
				7AA7CC0F21FA115F002DEE1B /* Headers */,
				7AA7CC1021FA115F002DEE1B /* Sources */,
				7AA7CC1121FA115F002DEE1B /* Frameworks */,
				7AA7CC1221FA115F002DEE1B /* Resources */,
			);
			buildRules = (
			);
			dependencies = (
			);
			name = SpotifyCore;
			productName = SpotifyCore;
			productReference = 7AA7CC1421FA115F002DEE1B /* SpotifyCore.framework */;
			productType = "com.apple.product-type.framework";
		};
		7AA7CC1B21FA115F002DEE1B /* SpotifyCoreTests */ = {
			isa = PBXNativeTarget;
			buildConfigurationList = 7AA7CC2F21FA115F002DEE1B /* Build configuration list for PBXNativeTarget "SpotifyCoreTests" */;
			buildPhases = (
				7AA7CC1821FA115F002DEE1B /* Sources */,
				7AA7CC1921FA115F002DEE1B /* Frameworks */,
				7AA7CC1A21FA115F002DEE1B /* Resources */,
			);
			buildRules = (
			);
			dependencies = (
				7AA7CC1F21FA115F002DEE1B /* PBXTargetDependency */,
				7AA7CC2121FA115F002DEE1B /* PBXTargetDependency */,
			);
			name = SpotifyCoreTests;
			productName = SpotifyCoreTests;
			productReference = 7AA7CC1C21FA115F002DEE1B /* SpotifyCoreTests.xctest */;
			productType = "com.apple.product-type.bundle.unit-test";
		};
		7AA7CC3621FA1186002DEE1B /* SpotifyUI */ = {
			isa = PBXNativeTarget;
			buildConfigurationList = 7AA7CC4E21FA1186002DEE1B /* Build configuration list for PBXNativeTarget "SpotifyUI" */;
			buildPhases = (
				D25D6F78527CF2BEB4288B59 /* [CP] Check Pods Manifest.lock */,
				7AA7CC3221FA1186002DEE1B /* Headers */,
				7AA7CC3321FA1186002DEE1B /* Sources */,
				7AA7CC3421FA1186002DEE1B /* Frameworks */,
				7AA7CC3521FA1186002DEE1B /* Resources */,
			);
			buildRules = (
			);
			dependencies = (
			);
			name = SpotifyUI;
			productName = SpotifyUI;
			productReference = 7AA7CC3721FA1186002DEE1B /* SpotifyUI.framework */;
			productType = "com.apple.product-type.framework";
		};
		7AA7CC3E21FA1186002DEE1B /* SpotifyUITests */ = {
			isa = PBXNativeTarget;
			buildConfigurationList = 7AA7CC5121FA1186002DEE1B /* Build configuration list for PBXNativeTarget "SpotifyUITests" */;
			buildPhases = (
				7AA7CC3B21FA1186002DEE1B /* Sources */,
				7AA7CC3C21FA1186002DEE1B /* Frameworks */,
				7AA7CC3D21FA1186002DEE1B /* Resources */,
			);
			buildRules = (
			);
			dependencies = (
				7AA7CC4221FA1186002DEE1B /* PBXTargetDependency */,
				7AA7CC4421FA1186002DEE1B /* PBXTargetDependency */,
			);
			name = SpotifyUITests;
			productName = SpotifyUITests;
			productReference = 7AA7CC3F21FA1186002DEE1B /* SpotifyUITests.xctest */;
			productType = "com.apple.product-type.bundle.unit-test";
		};
/* End PBXNativeTarget section */

/* Begin PBXProject section */
		7AA7CBD021FA0F5C002DEE1B /* Project object */ = {
			isa = PBXProject;
			attributes = {
				LastSwiftUpdateCheck = 1010;
				LastUpgradeCheck = 1010;
				ORGANIZATIONNAME = "Romain Mullot";
				TargetAttributes = {
					7AA7CBD721FA0F5D002DEE1B = {
						CreatedOnToolsVersion = 10.1;
					};
					7AA7CBEB21FA0F5E002DEE1B = {
						CreatedOnToolsVersion = 10.1;
						TestTargetID = 7AA7CBD721FA0F5D002DEE1B;
					};
					7AA7CBF621FA0F5E002DEE1B = {
						CreatedOnToolsVersion = 10.1;
						TestTargetID = 7AA7CBD721FA0F5D002DEE1B;
					};
					7AA7CC1321FA115F002DEE1B = {
						CreatedOnToolsVersion = 10.1;
						LastSwiftMigration = 1010;
					};
					7AA7CC1B21FA115F002DEE1B = {
						CreatedOnToolsVersion = 10.1;
						TestTargetID = 7AA7CBD721FA0F5D002DEE1B;
					};
					7AA7CC3621FA1186002DEE1B = {
						CreatedOnToolsVersion = 10.1;
						LastSwiftMigration = 1010;
					};
					7AA7CC3E21FA1186002DEE1B = {
						CreatedOnToolsVersion = 10.1;
						TestTargetID = 7AA7CBD721FA0F5D002DEE1B;
					};
				};
			};
			buildConfigurationList = 7AA7CBD321FA0F5C002DEE1B /* Build configuration list for PBXProject "Spotify" */;
			compatibilityVersion = "Xcode 9.3";
			developmentRegion = en;
			hasScannedForEncodings = 0;
			knownRegions = (
				en,
				Base,
			);
			mainGroup = 7AA7CBCF21FA0F5C002DEE1B;
			productRefGroup = 7AA7CBD921FA0F5D002DEE1B /* Products */;
			projectDirPath = "";
			projectRoot = "";
			targets = (
				7AA7CBD721FA0F5D002DEE1B /* Spotify */,
				7AA7CBEB21FA0F5E002DEE1B /* SpotifyTests */,
				7AA7CBF621FA0F5E002DEE1B /* SpotifyUITests */,
				7AA7CC1321FA115F002DEE1B /* SpotifyCore */,
				7AA7CC1B21FA115F002DEE1B /* SpotifyCoreTests */,
				7AA7CC3621FA1186002DEE1B /* SpotifyUI */,
				7AA7CC3E21FA1186002DEE1B /* SpotifyUITests */,
			);
		};
/* End PBXProject section */

/* Begin PBXResourcesBuildPhase section */
		7AA7CBD621FA0F5D002DEE1B /* Resources */ = {
			isa = PBXResourcesBuildPhase;
			buildActionMask = 2147483647;
			files = (
				7AC37F0C21FC96000068C323 /* ArtistCell.xib in Resources */,
				7AA7CC8921FC78CA002DEE1B /* Launch Screen.storyboard in Resources */,
				7AA7CBE321FA0F5E002DEE1B /* Assets.xcassets in Resources */,
				7AC37EF821FC7B620068C323 /* SearchViewController.xib in Resources */,
			);
			runOnlyForDeploymentPostprocessing = 0;
		};
		7AA7CBEA21FA0F5E002DEE1B /* Resources */ = {
			isa = PBXResourcesBuildPhase;
			buildActionMask = 2147483647;
			files = (
			);
			runOnlyForDeploymentPostprocessing = 0;
		};
		7AA7CBF521FA0F5E002DEE1B /* Resources */ = {
			isa = PBXResourcesBuildPhase;
			buildActionMask = 2147483647;
			files = (
			);
			runOnlyForDeploymentPostprocessing = 0;
		};
		7AA7CC1221FA115F002DEE1B /* Resources */ = {
			isa = PBXResourcesBuildPhase;
			buildActionMask = 2147483647;
			files = (
				7AA7CC5B21FA1A66002DEE1B /* Localizable.strings in Resources */,
			);
			runOnlyForDeploymentPostprocessing = 0;
		};
		7AA7CC1A21FA115F002DEE1B /* Resources */ = {
			isa = PBXResourcesBuildPhase;
			buildActionMask = 2147483647;
			files = (
			);
			runOnlyForDeploymentPostprocessing = 0;
		};
		7AA7CC3521FA1186002DEE1B /* Resources */ = {
			isa = PBXResourcesBuildPhase;
			buildActionMask = 2147483647;
			files = (
			);
			runOnlyForDeploymentPostprocessing = 0;
		};
		7AA7CC3D21FA1186002DEE1B /* Resources */ = {
			isa = PBXResourcesBuildPhase;
			buildActionMask = 2147483647;
			files = (
			);
			runOnlyForDeploymentPostprocessing = 0;
		};
/* End PBXResourcesBuildPhase section */

/* Begin PBXShellScriptBuildPhase section */
		7AA7CC5621FA166E002DEE1B /* SwiftLint */ = {
			isa = PBXShellScriptBuildPhase;
			buildActionMask = 12;
			files = (
			);
			inputFileListPaths = (
			);
			inputPaths = (
			);
			name = SwiftLint;
			outputFileListPaths = (
			);
			outputPaths = (
			);
			runOnlyForDeploymentPostprocessing = 0;
			shellPath = /bin/sh;
			shellScript = "if which ${PODS_ROOT}/SwiftLint/swiftlint >/dev/null; then\n./Pods/SwiftLint/swiftlint autocorrect --config \".swiftlint.auto.yml\" && ./Pods/SwiftLint/swiftlint\nelse\necho \"warning: SwiftLint not installed, download from https://github.com/realm/SwiftLint\"\nfi\n";
		};
		7AA7CC5721FA1685002DEE1B /* SwiftGen */ = {
			isa = PBXShellScriptBuildPhase;
			buildActionMask = 2147483647;
			files = (
			);
			inputFileListPaths = (
			);
			inputPaths = (
			);
			name = SwiftGen;
			outputFileListPaths = (
			);
			outputPaths = (
			);
			runOnlyForDeploymentPostprocessing = 0;
			shellPath = /bin/sh;
			shellScript = "$PODS_ROOT/SwiftGen/bin/swiftgen\n";
		};
		94432B1AE8530AB214E6B5E5 /* [CP] Embed Pods Frameworks */ = {
			isa = PBXShellScriptBuildPhase;
			buildActionMask = 2147483647;
			files = (
			);
			inputFileListPaths = (
			);
			inputPaths = (
				"${PODS_ROOT}/Target Support Files/Pods-Spotify/Pods-Spotify-frameworks.sh",
				"${BUILT_PRODUCTS_DIR}/ReachabilitySwift/Reachability.framework",
				"${BUILT_PRODUCTS_DIR}/SwiftMessages/SwiftMessages.framework",
				"${BUILT_PRODUCTS_DIR}/Alamofire/Alamofire.framework",
				"${BUILT_PRODUCTS_DIR}/AlamofireImage/AlamofireImage.framework",
				"${BUILT_PRODUCTS_DIR}/RxAtomic/RxAtomic.framework",
				"${BUILT_PRODUCTS_DIR}/RxSwift/RxSwift.framework",
			);
			name = "[CP] Embed Pods Frameworks";
			outputFileListPaths = (
			);
			outputPaths = (
				"${TARGET_BUILD_DIR}/${FRAMEWORKS_FOLDER_PATH}/Reachability.framework",
				"${TARGET_BUILD_DIR}/${FRAMEWORKS_FOLDER_PATH}/SwiftMessages.framework",
				"${TARGET_BUILD_DIR}/${FRAMEWORKS_FOLDER_PATH}/Alamofire.framework",
				"${TARGET_BUILD_DIR}/${FRAMEWORKS_FOLDER_PATH}/AlamofireImage.framework",
				"${TARGET_BUILD_DIR}/${FRAMEWORKS_FOLDER_PATH}/RxAtomic.framework",
				"${TARGET_BUILD_DIR}/${FRAMEWORKS_FOLDER_PATH}/RxSwift.framework",
			);
			runOnlyForDeploymentPostprocessing = 0;
			shellPath = /bin/sh;
			shellScript = "\"${PODS_ROOT}/Target Support Files/Pods-Spotify/Pods-Spotify-frameworks.sh\"\n";
			showEnvVarsInLog = 0;
		};
		C2B84E3E06577187F1CBEB6C /* [CP] Check Pods Manifest.lock */ = {
			isa = PBXShellScriptBuildPhase;
			buildActionMask = 2147483647;
			files = (
			);
			inputFileListPaths = (
			);
			inputPaths = (
				"${PODS_PODFILE_DIR_PATH}/Podfile.lock",
				"${PODS_ROOT}/Manifest.lock",
			);
			name = "[CP] Check Pods Manifest.lock";
			outputFileListPaths = (
			);
			outputPaths = (
				"$(DERIVED_FILE_DIR)/Pods-SpotifyCore-checkManifestLockResult.txt",
			);
			runOnlyForDeploymentPostprocessing = 0;
			shellPath = /bin/sh;
			shellScript = "diff \"${PODS_PODFILE_DIR_PATH}/Podfile.lock\" \"${PODS_ROOT}/Manifest.lock\" > /dev/null\nif [ $? != 0 ] ; then\n    # print error to STDERR\n    echo \"error: The sandbox is not in sync with the Podfile.lock. Run 'pod install' or update your CocoaPods installation.\" >&2\n    exit 1\nfi\n# This output is used by Xcode 'outputs' to avoid re-running this script phase.\necho \"SUCCESS\" > \"${SCRIPT_OUTPUT_FILE_0}\"\n";
			showEnvVarsInLog = 0;
		};
		C2F9E449FB7CECE9F1801C6F /* [CP] Check Pods Manifest.lock */ = {
			isa = PBXShellScriptBuildPhase;
			buildActionMask = 2147483647;
			files = (
			);
			inputFileListPaths = (
			);
			inputPaths = (
				"${PODS_PODFILE_DIR_PATH}/Podfile.lock",
				"${PODS_ROOT}/Manifest.lock",
			);
			name = "[CP] Check Pods Manifest.lock";
			outputFileListPaths = (
			);
			outputPaths = (
				"$(DERIVED_FILE_DIR)/Pods-SpotifyTests-checkManifestLockResult.txt",
			);
			runOnlyForDeploymentPostprocessing = 0;
			shellPath = /bin/sh;
			shellScript = "diff \"${PODS_PODFILE_DIR_PATH}/Podfile.lock\" \"${PODS_ROOT}/Manifest.lock\" > /dev/null\nif [ $? != 0 ] ; then\n    # print error to STDERR\n    echo \"error: The sandbox is not in sync with the Podfile.lock. Run 'pod install' or update your CocoaPods installation.\" >&2\n    exit 1\nfi\n# This output is used by Xcode 'outputs' to avoid re-running this script phase.\necho \"SUCCESS\" > \"${SCRIPT_OUTPUT_FILE_0}\"\n";
			showEnvVarsInLog = 0;
		};
		D25D6F78527CF2BEB4288B59 /* [CP] Check Pods Manifest.lock */ = {
			isa = PBXShellScriptBuildPhase;
			buildActionMask = 2147483647;
			files = (
			);
			inputFileListPaths = (
			);
			inputPaths = (
				"${PODS_PODFILE_DIR_PATH}/Podfile.lock",
				"${PODS_ROOT}/Manifest.lock",
			);
			name = "[CP] Check Pods Manifest.lock";
			outputFileListPaths = (
			);
			outputPaths = (
				"$(DERIVED_FILE_DIR)/Pods-SpotifyUI-checkManifestLockResult.txt",
			);
			runOnlyForDeploymentPostprocessing = 0;
			shellPath = /bin/sh;
			shellScript = "diff \"${PODS_PODFILE_DIR_PATH}/Podfile.lock\" \"${PODS_ROOT}/Manifest.lock\" > /dev/null\nif [ $? != 0 ] ; then\n    # print error to STDERR\n    echo \"error: The sandbox is not in sync with the Podfile.lock. Run 'pod install' or update your CocoaPods installation.\" >&2\n    exit 1\nfi\n# This output is used by Xcode 'outputs' to avoid re-running this script phase.\necho \"SUCCESS\" > \"${SCRIPT_OUTPUT_FILE_0}\"\n";
			showEnvVarsInLog = 0;
		};
		D5A23266F2AEA5EA0D13A4B6 /* [CP] Check Pods Manifest.lock */ = {
			isa = PBXShellScriptBuildPhase;
			buildActionMask = 2147483647;
			files = (
			);
			inputFileListPaths = (
			);
			inputPaths = (
				"${PODS_PODFILE_DIR_PATH}/Podfile.lock",
				"${PODS_ROOT}/Manifest.lock",
			);
			name = "[CP] Check Pods Manifest.lock";
			outputFileListPaths = (
			);
			outputPaths = (
				"$(DERIVED_FILE_DIR)/Pods-SpotifyUITests-checkManifestLockResult.txt",
			);
			runOnlyForDeploymentPostprocessing = 0;
			shellPath = /bin/sh;
			shellScript = "diff \"${PODS_PODFILE_DIR_PATH}/Podfile.lock\" \"${PODS_ROOT}/Manifest.lock\" > /dev/null\nif [ $? != 0 ] ; then\n    # print error to STDERR\n    echo \"error: The sandbox is not in sync with the Podfile.lock. Run 'pod install' or update your CocoaPods installation.\" >&2\n    exit 1\nfi\n# This output is used by Xcode 'outputs' to avoid re-running this script phase.\necho \"SUCCESS\" > \"${SCRIPT_OUTPUT_FILE_0}\"\n";
			showEnvVarsInLog = 0;
		};
		E8898A5D030842FF831E8D99 /* [CP] Check Pods Manifest.lock */ = {
			isa = PBXShellScriptBuildPhase;
			buildActionMask = 2147483647;
			files = (
			);
			inputFileListPaths = (
			);
			inputPaths = (
				"${PODS_PODFILE_DIR_PATH}/Podfile.lock",
				"${PODS_ROOT}/Manifest.lock",
			);
			name = "[CP] Check Pods Manifest.lock";
			outputFileListPaths = (
			);
			outputPaths = (
				"$(DERIVED_FILE_DIR)/Pods-Spotify-checkManifestLockResult.txt",
			);
			runOnlyForDeploymentPostprocessing = 0;
			shellPath = /bin/sh;
			shellScript = "diff \"${PODS_PODFILE_DIR_PATH}/Podfile.lock\" \"${PODS_ROOT}/Manifest.lock\" > /dev/null\nif [ $? != 0 ] ; then\n    # print error to STDERR\n    echo \"error: The sandbox is not in sync with the Podfile.lock. Run 'pod install' or update your CocoaPods installation.\" >&2\n    exit 1\nfi\n# This output is used by Xcode 'outputs' to avoid re-running this script phase.\necho \"SUCCESS\" > \"${SCRIPT_OUTPUT_FILE_0}\"\n";
			showEnvVarsInLog = 0;
		};
/* End PBXShellScriptBuildPhase section */

/* Begin PBXSourcesBuildPhase section */
		7AA7CBD421FA0F5D002DEE1B /* Sources */ = {
			isa = PBXSourcesBuildPhase;
			buildActionMask = 2147483647;
			files = (
				7AC37F1521FC9B470068C323 /* ArtistViewModel.swift in Sources */,
				7AC37F1721FCA5090068C323 /* UITestKey.swift in Sources */,
				7AC37F1321FC9A7C0068C323 /* ArtistCell.swift in Sources */,
				7AC37EFA21FC7B7B0068C323 /* SearchViewController.swift in Sources */,
				7AC37EFC21FC7C790068C323 /* SearchViewModel.swift in Sources */,
				7AA7CBDC21FA0F5D002DEE1B /* AppDelegate.swift in Sources */,
			);
			runOnlyForDeploymentPostprocessing = 0;
		};
		7AA7CBE821FA0F5E002DEE1B /* Sources */ = {
			isa = PBXSourcesBuildPhase;
			buildActionMask = 2147483647;
			files = (
				7AA7CBF121FA0F5E002DEE1B /* SpotifyTests.swift in Sources */,
			);
			runOnlyForDeploymentPostprocessing = 0;
		};
		7AA7CBF321FA0F5E002DEE1B /* Sources */ = {
			isa = PBXSourcesBuildPhase;
			buildActionMask = 2147483647;
			files = (
				7AA7CBFC21FA0F5E002DEE1B /* SpotifyUITests.swift in Sources */,
			);
			runOnlyForDeploymentPostprocessing = 0;
		};
		7AA7CC1021FA115F002DEE1B /* Sources */ = {
			isa = PBXSourcesBuildPhase;
			buildActionMask = 2147483647;
			files = (
				7AA7CC8421FBA40C002DEE1B /* SpotifyAuth.swift in Sources */,
				7AA7CC6C21FA1AC0002DEE1B /* ErrorService.swift in Sources */,
				7AA7CC6921FA1AAD002DEE1B /* MutexCounter.swift in Sources */,
				7AA7CC5A21FA1A66002DEE1B /* Strings.swift in Sources */,
				7AA7CC6521FA1AAD002DEE1B /* NetworkActivityService.swift in Sources */,
				7AA7CC6821FA1AAD002DEE1B /* DispatchQueue+Cancellable.swift in Sources */,
				7AC37EFE21FC808C0068C323 /* String+Regex.swift in Sources */,
				7AA7CC7C21FB2ABC002DEE1B /* String+Spotify.swift in Sources */,
				7AA7CC8221FB8C72002DEE1B /* Array+Spotify.swift in Sources */,
				7AA7CC7021FA2935002DEE1B /* WebServiceService.swift in Sources */,
				7AA7CC6621FA1AAD002DEE1B /* ReachabilityService.swift in Sources */,
				7AA7CC6721FA1AAD002DEE1B /* MultiCastDelegate.swift in Sources */,
				7AA7CC7521FA2D2A002DEE1B /* Album.swift in Sources */,
				7AA7CC7321FA2D1F002DEE1B /* Artist.swift in Sources */,
				7AA7CC8621FBB8E8002DEE1B /* Image.swift in Sources */,
				7AA7CC6A21FA1AAD002DEE1B /* CwlMutex.swift in Sources */,
				7AA7CC8021FB7AB3002DEE1B /* UserDefaultsService.swift in Sources */,
				7AA7CC7921FA2EF2002DEE1B /* ParserService.swift in Sources */,
				7AA7CC7721FA2D36002DEE1B /* Track.swift in Sources */,
				7AA7CC7E21FB3C27002DEE1B /* ParsingStructs.swift in Sources */,
			);
			runOnlyForDeploymentPostprocessing = 0;
		};
		7AA7CC1821FA115F002DEE1B /* Sources */ = {
			isa = PBXSourcesBuildPhase;
			buildActionMask = 2147483647;
			files = (
				7AA7CC2421FA115F002DEE1B /* SpotifyCoreTests.swift in Sources */,
			);
			runOnlyForDeploymentPostprocessing = 0;
		};
		7AA7CC3321FA1186002DEE1B /* Sources */ = {
			isa = PBXSourcesBuildPhase;
			buildActionMask = 2147483647;
			files = (
				7AC37F0121FC82CF0068C323 /* UIView+Constrainst.swift in Sources */,
				7AC37F0A21FC94650068C323 /* BaseViewModel.swift in Sources */,
				7AC37F1121FC981C0068C323 /* UIImageView+ImageCache.swift in Sources */,
				7AC37F0321FC90190068C323 /* UIViewController+Spotify.swift in Sources */,
				7AC37F0921FC92A70068C323 /* BaseViewController.swift in Sources */,
			);
			runOnlyForDeploymentPostprocessing = 0;
		};
		7AA7CC3B21FA1186002DEE1B /* Sources */ = {
			isa = PBXSourcesBuildPhase;
			buildActionMask = 2147483647;
			files = (
				7AA7CC4721FA1186002DEE1B /* SpotifyUITests.swift in Sources */,
			);
			runOnlyForDeploymentPostprocessing = 0;
		};
/* End PBXSourcesBuildPhase section */

/* Begin PBXTargetDependency section */
		7AA7CBEE21FA0F5E002DEE1B /* PBXTargetDependency */ = {
			isa = PBXTargetDependency;
			target = 7AA7CBD721FA0F5D002DEE1B /* Spotify */;
			targetProxy = 7AA7CBED21FA0F5E002DEE1B /* PBXContainerItemProxy */;
		};
		7AA7CBF921FA0F5E002DEE1B /* PBXTargetDependency */ = {
			isa = PBXTargetDependency;
			target = 7AA7CBD721FA0F5D002DEE1B /* Spotify */;
			targetProxy = 7AA7CBF821FA0F5E002DEE1B /* PBXContainerItemProxy */;
		};
		7AA7CC1F21FA115F002DEE1B /* PBXTargetDependency */ = {
			isa = PBXTargetDependency;
			target = 7AA7CC1321FA115F002DEE1B /* SpotifyCore */;
			targetProxy = 7AA7CC1E21FA115F002DEE1B /* PBXContainerItemProxy */;
		};
		7AA7CC2121FA115F002DEE1B /* PBXTargetDependency */ = {
			isa = PBXTargetDependency;
			target = 7AA7CBD721FA0F5D002DEE1B /* Spotify */;
			targetProxy = 7AA7CC2021FA115F002DEE1B /* PBXContainerItemProxy */;
		};
		7AA7CC2821FA115F002DEE1B /* PBXTargetDependency */ = {
			isa = PBXTargetDependency;
			target = 7AA7CC1321FA115F002DEE1B /* SpotifyCore */;
			targetProxy = 7AA7CC2721FA115F002DEE1B /* PBXContainerItemProxy */;
		};
		7AA7CC4221FA1186002DEE1B /* PBXTargetDependency */ = {
			isa = PBXTargetDependency;
			target = 7AA7CC3621FA1186002DEE1B /* SpotifyUI */;
			targetProxy = 7AA7CC4121FA1186002DEE1B /* PBXContainerItemProxy */;
		};
		7AA7CC4421FA1186002DEE1B /* PBXTargetDependency */ = {
			isa = PBXTargetDependency;
			target = 7AA7CBD721FA0F5D002DEE1B /* Spotify */;
			targetProxy = 7AA7CC4321FA1186002DEE1B /* PBXContainerItemProxy */;
		};
		7AA7CC4B21FA1186002DEE1B /* PBXTargetDependency */ = {
			isa = PBXTargetDependency;
			target = 7AA7CC3621FA1186002DEE1B /* SpotifyUI */;
			targetProxy = 7AA7CC4A21FA1186002DEE1B /* PBXContainerItemProxy */;
		};
/* End PBXTargetDependency section */

/* Begin XCBuildConfiguration section */
		7AA7CBFE21FA0F5E002DEE1B /* Debug */ = {
			isa = XCBuildConfiguration;
			buildSettings = {
				ALWAYS_SEARCH_USER_PATHS = NO;
				CLANG_ANALYZER_LOCALIZABILITY_NONLOCALIZED = YES;
				CLANG_ANALYZER_NONNULL = YES;
				CLANG_ANALYZER_NUMBER_OBJECT_CONVERSION = YES_AGGRESSIVE;
				CLANG_CXX_LANGUAGE_STANDARD = "gnu++14";
				CLANG_CXX_LIBRARY = "libc++";
				CLANG_ENABLE_MODULES = YES;
				CLANG_ENABLE_OBJC_ARC = YES;
				CLANG_ENABLE_OBJC_WEAK = YES;
				CLANG_WARN_BLOCK_CAPTURE_AUTORELEASING = YES;
				CLANG_WARN_BOOL_CONVERSION = YES;
				CLANG_WARN_COMMA = YES;
				CLANG_WARN_CONSTANT_CONVERSION = YES;
				CLANG_WARN_DEPRECATED_OBJC_IMPLEMENTATIONS = YES;
				CLANG_WARN_DIRECT_OBJC_ISA_USAGE = YES_ERROR;
				CLANG_WARN_DOCUMENTATION_COMMENTS = YES;
				CLANG_WARN_EMPTY_BODY = YES;
				CLANG_WARN_ENUM_CONVERSION = YES;
				CLANG_WARN_INFINITE_RECURSION = YES;
				CLANG_WARN_INT_CONVERSION = YES;
				CLANG_WARN_NON_LITERAL_NULL_CONVERSION = YES;
				CLANG_WARN_OBJC_IMPLICIT_RETAIN_SELF = YES;
				CLANG_WARN_OBJC_LITERAL_CONVERSION = YES;
				CLANG_WARN_OBJC_ROOT_CLASS = YES_ERROR;
				CLANG_WARN_RANGE_LOOP_ANALYSIS = YES;
				CLANG_WARN_STRICT_PROTOTYPES = YES;
				CLANG_WARN_SUSPICIOUS_MOVE = YES;
				CLANG_WARN_UNGUARDED_AVAILABILITY = YES_AGGRESSIVE;
				CLANG_WARN_UNREACHABLE_CODE = YES;
				CLANG_WARN__DUPLICATE_METHOD_MATCH = YES;
				CODE_SIGN_IDENTITY = "iPhone Developer";
				COPY_PHASE_STRIP = NO;
				DEBUG_INFORMATION_FORMAT = dwarf;
				ENABLE_STRICT_OBJC_MSGSEND = YES;
				ENABLE_TESTABILITY = YES;
				GCC_C_LANGUAGE_STANDARD = gnu11;
				GCC_DYNAMIC_NO_PIC = NO;
				GCC_NO_COMMON_BLOCKS = YES;
				GCC_OPTIMIZATION_LEVEL = 0;
				GCC_PREPROCESSOR_DEFINITIONS = (
					"DEBUG=1",
					"$(inherited)",
				);
				GCC_WARN_64_TO_32_BIT_CONVERSION = YES;
				GCC_WARN_ABOUT_RETURN_TYPE = YES_ERROR;
				GCC_WARN_UNDECLARED_SELECTOR = YES;
				GCC_WARN_UNINITIALIZED_AUTOS = YES_AGGRESSIVE;
				GCC_WARN_UNUSED_FUNCTION = YES;
				GCC_WARN_UNUSED_VARIABLE = YES;
				IPHONEOS_DEPLOYMENT_TARGET = 12.1;
				MTL_ENABLE_DEBUG_INFO = INCLUDE_SOURCE;
				MTL_FAST_MATH = YES;
				ONLY_ACTIVE_ARCH = YES;
				SDKROOT = iphoneos;
				SWIFT_ACTIVE_COMPILATION_CONDITIONS = DEBUG;
				SWIFT_OPTIMIZATION_LEVEL = "-Onone";
			};
			name = Debug;
		};
		7AA7CBFF21FA0F5E002DEE1B /* Release */ = {
			isa = XCBuildConfiguration;
			buildSettings = {
				ALWAYS_SEARCH_USER_PATHS = NO;
				CLANG_ANALYZER_LOCALIZABILITY_NONLOCALIZED = YES;
				CLANG_ANALYZER_NONNULL = YES;
				CLANG_ANALYZER_NUMBER_OBJECT_CONVERSION = YES_AGGRESSIVE;
				CLANG_CXX_LANGUAGE_STANDARD = "gnu++14";
				CLANG_CXX_LIBRARY = "libc++";
				CLANG_ENABLE_MODULES = YES;
				CLANG_ENABLE_OBJC_ARC = YES;
				CLANG_ENABLE_OBJC_WEAK = YES;
				CLANG_WARN_BLOCK_CAPTURE_AUTORELEASING = YES;
				CLANG_WARN_BOOL_CONVERSION = YES;
				CLANG_WARN_COMMA = YES;
				CLANG_WARN_CONSTANT_CONVERSION = YES;
				CLANG_WARN_DEPRECATED_OBJC_IMPLEMENTATIONS = YES;
				CLANG_WARN_DIRECT_OBJC_ISA_USAGE = YES_ERROR;
				CLANG_WARN_DOCUMENTATION_COMMENTS = YES;
				CLANG_WARN_EMPTY_BODY = YES;
				CLANG_WARN_ENUM_CONVERSION = YES;
				CLANG_WARN_INFINITE_RECURSION = YES;
				CLANG_WARN_INT_CONVERSION = YES;
				CLANG_WARN_NON_LITERAL_NULL_CONVERSION = YES;
				CLANG_WARN_OBJC_IMPLICIT_RETAIN_SELF = YES;
				CLANG_WARN_OBJC_LITERAL_CONVERSION = YES;
				CLANG_WARN_OBJC_ROOT_CLASS = YES_ERROR;
				CLANG_WARN_RANGE_LOOP_ANALYSIS = YES;
				CLANG_WARN_STRICT_PROTOTYPES = YES;
				CLANG_WARN_SUSPICIOUS_MOVE = YES;
				CLANG_WARN_UNGUARDED_AVAILABILITY = YES_AGGRESSIVE;
				CLANG_WARN_UNREACHABLE_CODE = YES;
				CLANG_WARN__DUPLICATE_METHOD_MATCH = YES;
				CODE_SIGN_IDENTITY = "iPhone Developer";
				COPY_PHASE_STRIP = NO;
				DEBUG_INFORMATION_FORMAT = "dwarf-with-dsym";
				ENABLE_NS_ASSERTIONS = NO;
				ENABLE_STRICT_OBJC_MSGSEND = YES;
				GCC_C_LANGUAGE_STANDARD = gnu11;
				GCC_NO_COMMON_BLOCKS = YES;
				GCC_WARN_64_TO_32_BIT_CONVERSION = YES;
				GCC_WARN_ABOUT_RETURN_TYPE = YES_ERROR;
				GCC_WARN_UNDECLARED_SELECTOR = YES;
				GCC_WARN_UNINITIALIZED_AUTOS = YES_AGGRESSIVE;
				GCC_WARN_UNUSED_FUNCTION = YES;
				GCC_WARN_UNUSED_VARIABLE = YES;
				IPHONEOS_DEPLOYMENT_TARGET = 12.1;
				MTL_ENABLE_DEBUG_INFO = NO;
				MTL_FAST_MATH = YES;
				SDKROOT = iphoneos;
				SWIFT_COMPILATION_MODE = wholemodule;
				SWIFT_OPTIMIZATION_LEVEL = "-O";
				VALIDATE_PRODUCT = YES;
			};
			name = Release;
		};
		7AA7CC0121FA0F5E002DEE1B /* Debug */ = {
			isa = XCBuildConfiguration;
			baseConfigurationReference = 7026ED0EEDA0426BEA49C0C2 /* Pods-Spotify.debug.xcconfig */;
			buildSettings = {
				ALWAYS_EMBED_SWIFT_STANDARD_LIBRARIES = YES;
				ASSETCATALOG_COMPILER_APPICON_NAME = AppIcon;
				CODE_SIGN_STYLE = Automatic;
				DEVELOPMENT_TEAM = 935H49K6QK;
				INFOPLIST_FILE = Spotify/Info.plist;
				LD_RUNPATH_SEARCH_PATHS = (
					"$(inherited)",
					"@executable_path/Frameworks",
				);
				PRODUCT_BUNDLE_IDENTIFIER = "Romain-MULLOT.Spotify";
				PRODUCT_NAME = "$(TARGET_NAME)";
				SWIFT_VERSION = 4.2;
				TARGETED_DEVICE_FAMILY = "1,2";
			};
			name = Debug;
		};
		7AA7CC0221FA0F5E002DEE1B /* Release */ = {
			isa = XCBuildConfiguration;
			baseConfigurationReference = C1E1AD892D2DA3670C66A873 /* Pods-Spotify.release.xcconfig */;
			buildSettings = {
				ALWAYS_EMBED_SWIFT_STANDARD_LIBRARIES = YES;
				ASSETCATALOG_COMPILER_APPICON_NAME = AppIcon;
				CODE_SIGN_STYLE = Automatic;
				DEVELOPMENT_TEAM = 935H49K6QK;
				INFOPLIST_FILE = Spotify/Info.plist;
				LD_RUNPATH_SEARCH_PATHS = (
					"$(inherited)",
					"@executable_path/Frameworks",
				);
				PRODUCT_BUNDLE_IDENTIFIER = "Romain-MULLOT.Spotify";
				PRODUCT_NAME = "$(TARGET_NAME)";
				SWIFT_VERSION = 4.2;
				TARGETED_DEVICE_FAMILY = "1,2";
			};
			name = Release;
		};
		7AA7CC0421FA0F5E002DEE1B /* Debug */ = {
			isa = XCBuildConfiguration;
			baseConfigurationReference = 3AFC637F94FD08751D9D2948 /* Pods-SpotifyTests.debug.xcconfig */;
			buildSettings = {
				ALWAYS_EMBED_SWIFT_STANDARD_LIBRARIES = YES;
				BUNDLE_LOADER = "$(TEST_HOST)";
				CODE_SIGN_STYLE = Automatic;
				DEVELOPMENT_TEAM = 935H49K6QK;
				INFOPLIST_FILE = SpotifyTests/Info.plist;
				LD_RUNPATH_SEARCH_PATHS = (
					"$(inherited)",
					"@executable_path/Frameworks",
					"@loader_path/Frameworks",
				);
				PRODUCT_BUNDLE_IDENTIFIER = "Romain-MULLOT.SpotifyTests";
				PRODUCT_NAME = "$(TARGET_NAME)";
				SWIFT_VERSION = 4.2;
				TARGETED_DEVICE_FAMILY = "1,2";
				TEST_HOST = "$(BUILT_PRODUCTS_DIR)/Spotify.app/Spotify";
			};
			name = Debug;
		};
		7AA7CC0521FA0F5E002DEE1B /* Release */ = {
			isa = XCBuildConfiguration;
			baseConfigurationReference = BF8F880E0F08A2868DA27437 /* Pods-SpotifyTests.release.xcconfig */;
			buildSettings = {
				ALWAYS_EMBED_SWIFT_STANDARD_LIBRARIES = YES;
				BUNDLE_LOADER = "$(TEST_HOST)";
				CODE_SIGN_STYLE = Automatic;
				DEVELOPMENT_TEAM = 935H49K6QK;
				INFOPLIST_FILE = SpotifyTests/Info.plist;
				LD_RUNPATH_SEARCH_PATHS = (
					"$(inherited)",
					"@executable_path/Frameworks",
					"@loader_path/Frameworks",
				);
				PRODUCT_BUNDLE_IDENTIFIER = "Romain-MULLOT.SpotifyTests";
				PRODUCT_NAME = "$(TARGET_NAME)";
				SWIFT_VERSION = 4.2;
				TARGETED_DEVICE_FAMILY = "1,2";
				TEST_HOST = "$(BUILT_PRODUCTS_DIR)/Spotify.app/Spotify";
			};
			name = Release;
		};
		7AA7CC0721FA0F5E002DEE1B /* Debug */ = {
			isa = XCBuildConfiguration;
			baseConfigurationReference = DABE45418887164120D4FFA8 /* Pods-SpotifyUITests.debug.xcconfig */;
			buildSettings = {
				ALWAYS_EMBED_SWIFT_STANDARD_LIBRARIES = YES;
				CODE_SIGN_STYLE = Automatic;
				DEVELOPMENT_TEAM = 935H49K6QK;
				INFOPLIST_FILE = SpotifyUITests/Info.plist;
				LD_RUNPATH_SEARCH_PATHS = (
					"$(inherited)",
					"@executable_path/Frameworks",
					"@loader_path/Frameworks",
				);
				PRODUCT_BUNDLE_IDENTIFIER = "Romain-MULLOT.SpotifyUITests";
				PRODUCT_NAME = "$(TARGET_NAME)";
				SWIFT_VERSION = 4.2;
				TARGETED_DEVICE_FAMILY = "1,2";
				TEST_TARGET_NAME = Spotify;
			};
			name = Debug;
		};
		7AA7CC0821FA0F5E002DEE1B /* Release */ = {
			isa = XCBuildConfiguration;
			baseConfigurationReference = DB351320D4124965EC9FD752 /* Pods-SpotifyUITests.release.xcconfig */;
			buildSettings = {
				ALWAYS_EMBED_SWIFT_STANDARD_LIBRARIES = YES;
				CODE_SIGN_STYLE = Automatic;
				DEVELOPMENT_TEAM = 935H49K6QK;
				INFOPLIST_FILE = SpotifyUITests/Info.plist;
				LD_RUNPATH_SEARCH_PATHS = (
					"$(inherited)",
					"@executable_path/Frameworks",
					"@loader_path/Frameworks",
				);
				PRODUCT_BUNDLE_IDENTIFIER = "Romain-MULLOT.SpotifyUITests";
				PRODUCT_NAME = "$(TARGET_NAME)";
				SWIFT_VERSION = 4.2;
				TARGETED_DEVICE_FAMILY = "1,2";
				TEST_TARGET_NAME = Spotify;
			};
			name = Release;
		};
		7AA7CC2C21FA115F002DEE1B /* Debug */ = {
			isa = XCBuildConfiguration;
			baseConfigurationReference = 90CBB884C5DC9D5D22E9DC1E /* Pods-SpotifyCore.debug.xcconfig */;
			buildSettings = {
				CLANG_ENABLE_MODULES = YES;
				CODE_SIGN_IDENTITY = "";
				CODE_SIGN_STYLE = Automatic;
				CURRENT_PROJECT_VERSION = 1;
				DEFINES_MODULE = YES;
				DEVELOPMENT_TEAM = 935H49K6QK;
				DYLIB_COMPATIBILITY_VERSION = 1;
				DYLIB_CURRENT_VERSION = 1;
				DYLIB_INSTALL_NAME_BASE = "@rpath";
				INFOPLIST_FILE = SpotifyCore/Info.plist;
				INSTALL_PATH = "$(LOCAL_LIBRARY_DIR)/Frameworks";
				LD_RUNPATH_SEARCH_PATHS = (
					"$(inherited)",
					"@executable_path/Frameworks",
					"@loader_path/Frameworks",
				);
				PRODUCT_BUNDLE_IDENTIFIER = "Romain-MULLOT.SpotifyCore";
				PRODUCT_NAME = "$(TARGET_NAME:c99extidentifier)";
				SKIP_INSTALL = YES;
				SWIFT_OPTIMIZATION_LEVEL = "-Onone";
				SWIFT_VERSION = 4.2;
				TARGETED_DEVICE_FAMILY = "1,2";
				VERSIONING_SYSTEM = "apple-generic";
				VERSION_INFO_PREFIX = "";
			};
			name = Debug;
		};
		7AA7CC2D21FA115F002DEE1B /* Release */ = {
			isa = XCBuildConfiguration;
			baseConfigurationReference = 94E6CC3FA9EF9D79CD8C1889 /* Pods-SpotifyCore.release.xcconfig */;
			buildSettings = {
				CLANG_ENABLE_MODULES = YES;
				CODE_SIGN_IDENTITY = "";
				CODE_SIGN_STYLE = Automatic;
				CURRENT_PROJECT_VERSION = 1;
				DEFINES_MODULE = YES;
				DEVELOPMENT_TEAM = 935H49K6QK;
				DYLIB_COMPATIBILITY_VERSION = 1;
				DYLIB_CURRENT_VERSION = 1;
				DYLIB_INSTALL_NAME_BASE = "@rpath";
				INFOPLIST_FILE = SpotifyCore/Info.plist;
				INSTALL_PATH = "$(LOCAL_LIBRARY_DIR)/Frameworks";
				LD_RUNPATH_SEARCH_PATHS = (
					"$(inherited)",
					"@executable_path/Frameworks",
					"@loader_path/Frameworks",
				);
				PRODUCT_BUNDLE_IDENTIFIER = "Romain-MULLOT.SpotifyCore";
				PRODUCT_NAME = "$(TARGET_NAME:c99extidentifier)";
				SKIP_INSTALL = YES;
				SWIFT_VERSION = 4.2;
				TARGETED_DEVICE_FAMILY = "1,2";
				VERSIONING_SYSTEM = "apple-generic";
				VERSION_INFO_PREFIX = "";
			};
			name = Release;
		};
		7AA7CC3021FA115F002DEE1B /* Debug */ = {
			isa = XCBuildConfiguration;
			buildSettings = {
				ALWAYS_EMBED_SWIFT_STANDARD_LIBRARIES = YES;
				CODE_SIGN_STYLE = Automatic;
				DEVELOPMENT_TEAM = 935H49K6QK;
				INFOPLIST_FILE = SpotifyCoreTests/Info.plist;
				LD_RUNPATH_SEARCH_PATHS = (
					"$(inherited)",
					"@executable_path/Frameworks",
					"@loader_path/Frameworks",
				);
				PRODUCT_BUNDLE_IDENTIFIER = "Romain-MULLOT.SpotifyCoreTests";
				PRODUCT_NAME = "$(TARGET_NAME)";
				SWIFT_VERSION = 4.2;
				TARGETED_DEVICE_FAMILY = "1,2";
				TEST_HOST = "$(BUILT_PRODUCTS_DIR)/Spotify.app/Spotify";
			};
			name = Debug;
		};
		7AA7CC3121FA115F002DEE1B /* Release */ = {
			isa = XCBuildConfiguration;
			buildSettings = {
				ALWAYS_EMBED_SWIFT_STANDARD_LIBRARIES = YES;
				CODE_SIGN_STYLE = Automatic;
				DEVELOPMENT_TEAM = 935H49K6QK;
				INFOPLIST_FILE = SpotifyCoreTests/Info.plist;
				LD_RUNPATH_SEARCH_PATHS = (
					"$(inherited)",
					"@executable_path/Frameworks",
					"@loader_path/Frameworks",
				);
				PRODUCT_BUNDLE_IDENTIFIER = "Romain-MULLOT.SpotifyCoreTests";
				PRODUCT_NAME = "$(TARGET_NAME)";
				SWIFT_VERSION = 4.2;
				TARGETED_DEVICE_FAMILY = "1,2";
				TEST_HOST = "$(BUILT_PRODUCTS_DIR)/Spotify.app/Spotify";
			};
			name = Release;
		};
		7AA7CC4F21FA1186002DEE1B /* Debug */ = {
			isa = XCBuildConfiguration;
			baseConfigurationReference = A12E01B77748CC0733FF7E9F /* Pods-SpotifyUI.debug.xcconfig */;
			buildSettings = {
				CLANG_ENABLE_MODULES = YES;
				CODE_SIGN_IDENTITY = "";
				CODE_SIGN_STYLE = Automatic;
				CURRENT_PROJECT_VERSION = 1;
				DEFINES_MODULE = YES;
				DEVELOPMENT_TEAM = 935H49K6QK;
				DYLIB_COMPATIBILITY_VERSION = 1;
				DYLIB_CURRENT_VERSION = 1;
				DYLIB_INSTALL_NAME_BASE = "@rpath";
				INFOPLIST_FILE = SpotifyUI/Info.plist;
				INSTALL_PATH = "$(LOCAL_LIBRARY_DIR)/Frameworks";
				LD_RUNPATH_SEARCH_PATHS = (
					"$(inherited)",
					"@executable_path/Frameworks",
					"@loader_path/Frameworks",
				);
				PRODUCT_BUNDLE_IDENTIFIER = "Romain-MULLOT.SpotifyUI";
				PRODUCT_NAME = "$(TARGET_NAME:c99extidentifier)";
				SKIP_INSTALL = YES;
				SWIFT_OPTIMIZATION_LEVEL = "-Onone";
				SWIFT_VERSION = 4.2;
				TARGETED_DEVICE_FAMILY = "1,2";
				VERSIONING_SYSTEM = "apple-generic";
				VERSION_INFO_PREFIX = "";
			};
			name = Debug;
		};
		7AA7CC5021FA1186002DEE1B /* Release */ = {
			isa = XCBuildConfiguration;
			baseConfigurationReference = 70EDF0A0184FD694EA7AFB14 /* Pods-SpotifyUI.release.xcconfig */;
			buildSettings = {
				CLANG_ENABLE_MODULES = YES;
				CODE_SIGN_IDENTITY = "";
				CODE_SIGN_STYLE = Automatic;
				CURRENT_PROJECT_VERSION = 1;
				DEFINES_MODULE = YES;
				DEVELOPMENT_TEAM = 935H49K6QK;
				DYLIB_COMPATIBILITY_VERSION = 1;
				DYLIB_CURRENT_VERSION = 1;
				DYLIB_INSTALL_NAME_BASE = "@rpath";
				INFOPLIST_FILE = SpotifyUI/Info.plist;
				INSTALL_PATH = "$(LOCAL_LIBRARY_DIR)/Frameworks";
				LD_RUNPATH_SEARCH_PATHS = (
					"$(inherited)",
					"@executable_path/Frameworks",
					"@loader_path/Frameworks",
				);
				PRODUCT_BUNDLE_IDENTIFIER = "Romain-MULLOT.SpotifyUI";
				PRODUCT_NAME = "$(TARGET_NAME:c99extidentifier)";
				SKIP_INSTALL = YES;
				SWIFT_VERSION = 4.2;
				TARGETED_DEVICE_FAMILY = "1,2";
				VERSIONING_SYSTEM = "apple-generic";
				VERSION_INFO_PREFIX = "";
			};
			name = Release;
		};
		7AA7CC5221FA1186002DEE1B /* Debug */ = {
			isa = XCBuildConfiguration;
			buildSettings = {
				ALWAYS_EMBED_SWIFT_STANDARD_LIBRARIES = YES;
				CODE_SIGN_STYLE = Automatic;
				DEVELOPMENT_TEAM = 935H49K6QK;
				INFOPLIST_FILE = SpotifyUITests/Info.plist;
				LD_RUNPATH_SEARCH_PATHS = (
					"$(inherited)",
					"@executable_path/Frameworks",
					"@loader_path/Frameworks",
				);
				PRODUCT_BUNDLE_IDENTIFIER = "Romain-MULLOT.SpotifyUITests";
				PRODUCT_NAME = "$(TARGET_NAME)";
				SWIFT_VERSION = 4.2;
				TARGETED_DEVICE_FAMILY = "1,2";
				TEST_HOST = "$(BUILT_PRODUCTS_DIR)/Spotify.app/Spotify";
			};
			name = Debug;
		};
		7AA7CC5321FA1186002DEE1B /* Release */ = {
			isa = XCBuildConfiguration;
			buildSettings = {
				ALWAYS_EMBED_SWIFT_STANDARD_LIBRARIES = YES;
				CODE_SIGN_STYLE = Automatic;
				DEVELOPMENT_TEAM = 935H49K6QK;
				INFOPLIST_FILE = SpotifyUITests/Info.plist;
				LD_RUNPATH_SEARCH_PATHS = (
					"$(inherited)",
					"@executable_path/Frameworks",
					"@loader_path/Frameworks",
				);
				PRODUCT_BUNDLE_IDENTIFIER = "Romain-MULLOT.SpotifyUITests";
				PRODUCT_NAME = "$(TARGET_NAME)";
				SWIFT_VERSION = 4.2;
				TARGETED_DEVICE_FAMILY = "1,2";
				TEST_HOST = "$(BUILT_PRODUCTS_DIR)/Spotify.app/Spotify";
			};
			name = Release;
		};
/* End XCBuildConfiguration section */

/* Begin XCConfigurationList section */
		7AA7CBD321FA0F5C002DEE1B /* Build configuration list for PBXProject "Spotify" */ = {
			isa = XCConfigurationList;
			buildConfigurations = (
				7AA7CBFE21FA0F5E002DEE1B /* Debug */,
				7AA7CBFF21FA0F5E002DEE1B /* Release */,
			);
			defaultConfigurationIsVisible = 0;
			defaultConfigurationName = Release;
		};
		7AA7CC0021FA0F5E002DEE1B /* Build configuration list for PBXNativeTarget "Spotify" */ = {
			isa = XCConfigurationList;
			buildConfigurations = (
				7AA7CC0121FA0F5E002DEE1B /* Debug */,
				7AA7CC0221FA0F5E002DEE1B /* Release */,
			);
			defaultConfigurationIsVisible = 0;
			defaultConfigurationName = Release;
		};
		7AA7CC0321FA0F5E002DEE1B /* Build configuration list for PBXNativeTarget "SpotifyTests" */ = {
			isa = XCConfigurationList;
			buildConfigurations = (
				7AA7CC0421FA0F5E002DEE1B /* Debug */,
				7AA7CC0521FA0F5E002DEE1B /* Release */,
			);
			defaultConfigurationIsVisible = 0;
			defaultConfigurationName = Release;
		};
		7AA7CC0621FA0F5E002DEE1B /* Build configuration list for PBXNativeTarget "SpotifyUITests" */ = {
			isa = XCConfigurationList;
			buildConfigurations = (
				7AA7CC0721FA0F5E002DEE1B /* Debug */,
				7AA7CC0821FA0F5E002DEE1B /* Release */,
			);
			defaultConfigurationIsVisible = 0;
			defaultConfigurationName = Release;
		};
		7AA7CC2B21FA115F002DEE1B /* Build configuration list for PBXNativeTarget "SpotifyCore" */ = {
			isa = XCConfigurationList;
			buildConfigurations = (
				7AA7CC2C21FA115F002DEE1B /* Debug */,
				7AA7CC2D21FA115F002DEE1B /* Release */,
			);
			defaultConfigurationIsVisible = 0;
			defaultConfigurationName = Release;
		};
		7AA7CC2F21FA115F002DEE1B /* Build configuration list for PBXNativeTarget "SpotifyCoreTests" */ = {
			isa = XCConfigurationList;
			buildConfigurations = (
				7AA7CC3021FA115F002DEE1B /* Debug */,
				7AA7CC3121FA115F002DEE1B /* Release */,
			);
			defaultConfigurationIsVisible = 0;
			defaultConfigurationName = Release;
		};
		7AA7CC4E21FA1186002DEE1B /* Build configuration list for PBXNativeTarget "SpotifyUI" */ = {
			isa = XCConfigurationList;
			buildConfigurations = (
				7AA7CC4F21FA1186002DEE1B /* Debug */,
				7AA7CC5021FA1186002DEE1B /* Release */,
			);
			defaultConfigurationIsVisible = 0;
			defaultConfigurationName = Release;
		};
		7AA7CC5121FA1186002DEE1B /* Build configuration list for PBXNativeTarget "SpotifyUITests" */ = {
			isa = XCConfigurationList;
			buildConfigurations = (
				7AA7CC5221FA1186002DEE1B /* Debug */,
				7AA7CC5321FA1186002DEE1B /* Release */,
			);
			defaultConfigurationIsVisible = 0;
			defaultConfigurationName = Release;
		};
/* End XCConfigurationList section */
	};
	rootObject = 7AA7CBD021FA0F5C002DEE1B /* Project object */;
}
