PODS:
  - Alamofire (4.8.1)
  - AlamofireImage (3.5.0):
    - Alamofire (~> 4.8)
  - ReachabilitySwift (4.3.0)
  - RxAtomic (4.4.0)
  - RxSwift (4.4.0):
    - RxAtomic (~> 4.4)
  - SwiftGen (6.0.2)
  - SwiftLint (0.30.1)
  - SwiftMessages (6.0.2):
    - SwiftMessages/App (= 6.0.2)
  - SwiftMessages/App (6.0.2)

DEPENDENCIES:
  - AlamofireImage (~> 3.5.0)
  - ReachabilitySwift (~> 4.3.0)
  - RxSwift (~> 4.4.0)
  - SwiftGen (~> 6.0.2)
  - SwiftLint (~> 0.30.1)
  - SwiftMessages (~> 6.0.2)

SPEC REPOS:
  https://github.com/cocoapods/specs.git:
    - Alamofire
    - AlamofireImage
    - ReachabilitySwift
    - RxAtomic
    - RxSwift
    - SwiftGen
    - SwiftLint
    - SwiftMessages

SPEC CHECKSUMS:
  Alamofire: 16ce2c353fb72865124ddae8a57c5942388f4f11
  AlamofireImage: 1aea346f4dda2f6c67622fa5a89fcbb80d79cc16
  ReachabilitySwift: 408477d1b6ed9779dba301953171e017c31241f3
  RxAtomic: eacf60db868c96bfd63320e28619fe29c179656f
  RxSwift: 5976ecd04fc2fefd648827c23de5e11157faa973
  SwiftGen: e5b047067aa84082826a0c4f1c4c2ddc95bcf74c
  SwiftLint: a54bf1fe12b55c68560eb2a7689dfc81458508f7
  SwiftMessages: 8b3cc68dba2f1c91aac1a74c90b10287aac35371

PODFILE CHECKSUM: 6816c11aa58caf718e5de78a3734cae07544c134

COCOAPODS: 1.6.0.beta.2
